# THIS IS AN AUTOGENERATED FILE. DO NOT EDIT THIS FILE DIRECTLY.
# yarn lockfile v1


"@esbuild-plugins/node-resolve@^0.1.4":
  version "0.1.4"
  resolved "https://registry.yarnpkg.com/@esbuild-plugins/node-resolve/-/node-resolve-0.1.4.tgz#2257ef3b233c9cb3acd2ebde7d5a3d6874046d38"
  integrity sha512-haFQ0qhxEpqtWWY0kx1Y5oE3sMyO1PcoSiWEPrAw6tm/ZOOLXjSs6Q+v1v9eyuVF0nNt50YEvrcrvENmyoMv5g==
  dependencies:
    "@types/resolve" "^1.17.1"
    debug "^4.3.1"
    escape-string-regexp "^4.0.0"
    resolve "^1.19.0"

"@fractal/core-ts@file:../../core-ts":
  version "1.0.0"
  dependencies:
    browser-or-node "^1.3.0"
    lodash "^4.17.21"
    node-fetch "^2.6.1"
    stripe "^8.146.0"

"@types/node@>=8.1.0":
  version "15.0.2"
  resolved "https://registry.yarnpkg.com/@types/node/-/node-15.0.2.tgz#51e9c0920d1b45936ea04341aa3e2e58d339fb67"
  integrity sha512-p68+a+KoxpoB47015IeYZYRrdqMUcpbK8re/zpFB8Ld46LHC1lPEbp3EXgkEhAYEcPvjJF6ZO+869SQ0aH1dcA==

"@types/resolve@^1.17.1":
  version "1.20.0"
  resolved "https://registry.yarnpkg.com/@types/resolve/-/resolve-1.20.0.tgz#11325a379b6f63b858fed49552fd4178495ee087"
  integrity sha512-SFT3jdUNlLkjxUWwH/0QjLiEsV38hjdDX8oMcX9jZAD8KWNzRLdg6INZE7UMz9O86b2BOHzA3dR8nF+DbonX2Q==

browser-or-node@^1.3.0:
  version "1.3.0"
  resolved "https://registry.yarnpkg.com/browser-or-node/-/browser-or-node-1.3.0.tgz#f2a4e8568f60263050a6714b2cc236bb976647a7"
  integrity sha512-0F2z/VSnLbmEeBcUrSuDH5l0HxTXdQQzLjkmBR4cYfvg1zJrKSlmIZFqyFR8oX0NrwPhy3c3HQ6i3OxMbew4Tg==

call-bind@^1.0.0:
  version "1.0.2"
  resolved "https://registry.yarnpkg.com/call-bind/-/call-bind-1.0.2.tgz#b1d4e89e688119c3c9a903ad30abb2f6a919be3c"
  integrity sha512-7O+FbCihrB5WGbFYesctwmTKae6rOiIzmz1icreWJ+0aA7LJfuqhEso2T9ncpcFtzMQtzXf2QGGueWJGTYsqrA==
  dependencies:
    function-bind "^1.1.1"
    get-intrinsic "^1.0.2"

debug@^4.3.1:
  version "4.3.1"
  resolved "https://registry.yarnpkg.com/debug/-/debug-4.3.1.tgz#f0d229c505e0c6d8c49ac553d1b13dc183f6b2ee"
  integrity sha512-doEwdvm4PCeK4K3RQN2ZC2BYUBaxwLARCqZmMjtF8a51J2Rb0xpVloFRnCODwqjpwnAoao4pelN8l3RJdv3gRQ==
  dependencies:
    ms "2.1.2"

esbuild@^0.11.19:
  version "0.11.19"
  resolved "https://registry.yarnpkg.com/esbuild/-/esbuild-0.11.19.tgz#59289d9c6ee3f45d0db289a662c31473da25c199"
  integrity sha512-X2h8UThAwKLxmc1OChHVegIScphS/qU9cUB5vCEV2T0A024E8Ptpg9xssXXcs+j1uEgXrDJZuVRzx2JsmGzq7A==

escape-string-regexp@^4.0.0:
  version "4.0.0"
  resolved "https://registry.yarnpkg.com/escape-string-regexp/-/escape-string-regexp-4.0.0.tgz#14ba83a5d373e3d311e5afca29cf5bfad965bf34"
  integrity sha512-TtpcNJ3XAzx3Gq8sWRzJaVajRs0uVxA2YAkdb1jm2YkPz4G6egUFAyA3n5vtEIZefPk5Wa4UXbKuS5fKkJWdgA==

function-bind@^1.1.1:
  version "1.1.1"
  resolved "https://registry.yarnpkg.com/function-bind/-/function-bind-1.1.1.tgz#a56899d3ea3c9bab874bb9773b7c5ede92f4895d"
  integrity sha512-yIovAzMX49sF8Yl58fSCWJ5svSLuaibPxXQJFLmBObTuCr0Mf1KiPopGM9NiFjiYBCbfaa2Fh6breQ6ANVTI0A==

get-intrinsic@^1.0.2:
  version "1.1.1"
  resolved "https://registry.yarnpkg.com/get-intrinsic/-/get-intrinsic-1.1.1.tgz#15f59f376f855c446963948f0d24cd3637b4abc6"
  integrity sha512-kWZrnVM42QCiEA2Ig1bG8zjoIMOgxWwYCEeNdwY6Tv/cOSeGpcoX4pXHfKUxNKVoArnrEr2e9srnAxxGIraS9Q==
  dependencies:
    function-bind "^1.1.1"
    has "^1.0.3"
    has-symbols "^1.0.1"

has-symbols@^1.0.1:
  version "1.0.2"
  resolved "https://registry.yarnpkg.com/has-symbols/-/has-symbols-1.0.2.tgz#165d3070c00309752a1236a479331e3ac56f1423"
  integrity sha512-chXa79rL/UC2KlX17jo3vRGz0azaWEx5tGqZg5pO3NUyEJVB17dMruQlzCCOfUvElghKcm5194+BCRvi2Rv/Gw==

has@^1.0.3:
  version "1.0.3"
  resolved "https://registry.yarnpkg.com/has/-/has-1.0.3.tgz#722d7cbfc1f6aa8241f16dd814e011e1f41e8796"
  integrity sha512-f2dvO0VU6Oej7RkWJGrehjbzMAjFp5/VKPp5tTpWIV4JHHZK1/BxbFRtf/siA2SWTe09caDmVtYYzWEIbBS4zw==
  dependencies:
    function-bind "^1.1.1"

is-core-module@^2.2.0:
  version "2.3.0"
  resolved "https://registry.yarnpkg.com/is-core-module/-/is-core-module-2.3.0.tgz#d341652e3408bca69c4671b79a0954a3d349f887"
  integrity sha512-xSphU2KG9867tsYdLD4RWQ1VqdFl4HTO9Thf3I/3dLEfr0dbPTWKsuCKrgqMljg4nPE+Gq0VCnzT3gr0CyBmsw==
  dependencies:
    has "^1.0.3"

lodash@^4.17.21:
  version "4.17.21"
  resolved "https://registry.yarnpkg.com/lodash/-/lodash-4.17.21.tgz#679591c564c3bffaae8454cf0b3df370c3d6911c"
  integrity sha512-v2kDEe57lecTulaDIuNTPy3Ry4gLGJ6Z1O3vE1krgXZNrsQ+LFTGHVxVjcXPs17LhbZVGedAJv8XZ1tvj5FvSg==

ms@2.1.2:
  version "2.1.2"
  resolved "https://registry.yarnpkg.com/ms/-/ms-2.1.2.tgz#d09d1f357b443f493382a8eb3ccd183872ae6009"
  integrity sha512-sGkPx+VjMtmA6MX27oA4FBFELFCZZ4S4XqeGOXCv68tT+jb3vk/RyaKWP0PTKyWtmLSM0b+adUTEvbs1PEaH2w==

node-fetch@^2.6.1:
  version "2.6.1"
  resolved "https://registry.yarnpkg.com/node-fetch/-/node-fetch-2.6.1.tgz#045bd323631f76ed2e2b55573394416b639a0052"
  integrity sha512-V4aYg89jEoVRxRb2fJdAg8FHvI7cEyYdVAh94HH0UIK8oJxUfkjlDQN9RbMx+bEjP7+ggMiFRprSti032Oipxw==

object-inspect@^1.9.0:
  version "1.10.2"
  resolved "https://registry.yarnpkg.com/object-inspect/-/object-inspect-1.10.2.tgz#b6385a3e2b7cae0b5eafcf90cddf85d128767f30"
  integrity sha512-gz58rdPpadwztRrPjZE9DZLOABUpTGdcANUgOwBFO1C+HZZhePoP83M65WGDmbpwFYJSWqavbl4SgDn4k8RYTA==

path-parse@^1.0.6:
  version "1.0.6"
  resolved "https://registry.yarnpkg.com/path-parse/-/path-parse-1.0.6.tgz#d62dbb5679405d72c4737ec58600e9ddcf06d24c"
  integrity sha512-GSmOT2EbHrINBf9SR7CDELwlJ8AENk3Qn7OikK4nFYAu3Ote2+JYNVvkpAEQm3/TLNEJFD/xZJjzyxg3KBWOzw==

qs@^6.6.0:
  version "6.10.1"
  resolved "https://registry.yarnpkg.com/qs/-/qs-6.10.1.tgz#4931482fa8d647a5aab799c5271d2133b981fb6a"
  integrity sha512-M528Hph6wsSVOBiYUnGf+K/7w0hNshs/duGsNXPUCLH5XAqjEtiPGwNONLV0tBH8NoGb0mvD5JubnUTrujKDTg==
  dependencies:
    side-channel "^1.0.4"

resolve@^1.19.0:
  version "1.20.0"
  resolved "https://registry.yarnpkg.com/resolve/-/resolve-1.20.0.tgz#629a013fb3f70755d6f0b7935cc1c2c5378b1975"
  integrity sha512-wENBPt4ySzg4ybFQW2TT1zMQucPK95HSh/nq2CFTZVOGut2+pQvSsgtda4d26YrYcr067wjbmzOG8byDPBX63A==
  dependencies:
    is-core-module "^2.2.0"
    path-parse "^1.0.6"

side-channel@^1.0.4:
  version "1.0.4"
  resolved "https://registry.yarnpkg.com/side-channel/-/side-channel-1.0.4.tgz#efce5c8fdc104ee751b25c58d4290011fa5ea2cf"
  integrity sha512-q5XPytqFEIKHkGdiMIrY10mvLRvnQh42/+GoBlFW3b2LXLE2xxJpZFdm94we0BaoV3RwJyGqg5wS7epxTv0Zvw==
  dependencies:
    call-bind "^1.0.0"
    get-intrinsic "^1.0.2"
    object-inspect "^1.9.0"

stripe@^8.146.0:
  version "8.147.0"
  resolved "https://registry.yarnpkg.com/stripe/-/stripe-8.147.0.tgz#d6049a8ca3a446a8db35903e778f6bdce8fca8cc"
  integrity sha512-LcU/j6t3xrWnWugwB6D0VZfXD3/ZXJCaXJbDxB51UlAJsxLtByQCYTP6ccvflcPi3aXD1l/yShWzJDIKoHgtsQ==
  dependencies:
    "@types/node" ">=8.1.0"
    qs "^6.6.0"

yaml@^1.10.2:
  version "1.10.2"
  resolved "https://registry.yarnpkg.com/yaml/-/yaml-1.10.2.tgz#2301c5ffbf12b467de8da2333a459e29e7920e4b"
  integrity sha512-r3vXyErRCYJ7wg28yvBY5VSoAF8ZvlcW9/BwUzEtUsjvX/DKs24dIkuwjtuprwJJHsbyUbLApepYTR1BN4uHrg==
