<?xml version="1.0" encoding="utf-8"?>
<Project ToolsVersion="4.0" xmlns="http://schemas.microsoft.com/developer/msbuild/2003">
  <ItemGroup>
    <Filter Include="Source Files">
      <UniqueIdentifier>{4FC737F1-C7A5-4376-A066-2A32D752A2FF}</UniqueIdentifier>
      <Extensions>cpp;c;cc;cxx;def;odl;idl;hpj;bat;asm;asmx</Extensions>
    </Filter>
    <Filter Include="Header Files">
      <UniqueIdentifier>{93995380-89BD-4b04-88EB-625FBE52EBFB}</UniqueIdentifier>
      <Extensions>h;hh;hpp;hxx;hm;inl;inc;xsd</Extensions>
    </Filter>
    <Filter Include="Resource Files">
      <UniqueIdentifier>{67DA6AB6-F800-4c08-8B7A-83BB121AAD01}</UniqueIdentifier>
      <Extensions>rc;ico;cur;bmp;dlg;rc2;rct;bin;rgs;gif;jpg;jpeg;jpe;resx;tiff;tif;png;wav</Extensions>
    </Filter>
  </ItemGroup>
  <ItemGroup>
    <ClCompile Include="audio.c">
      <Filter>Source Files</Filter>
    </ClCompile>
    <ClCompile Include="main.c">
      <Filter>Source Files</Filter>
    </ClCompile>
    <ClCompile Include="video.c">
      <Filter>Source Files</Filter>
    </ClCompile>
    <ClCompile Include="..\include\aes.c">
      <Filter>Source Files</Filter>
    </ClCompile>
    <ClCompile Include="..\include\audiodecode.c">
      <Filter>Source Files</Filter>
    </ClCompile>
    <ClCompile Include="..\include\audioencode.c">
      <Filter>Source Files</Filter>
    </ClCompile>
    <ClCompile Include="..\include\clipboard.c">
      <Filter>Source Files</Filter>
    </ClCompile>
    <ClCompile Include="..\include\desktop.c">
      <Filter>Source Files</Filter>
    </ClCompile>
    <ClCompile Include="..\include\dxgicapture.c">
      <Filter>Source Files</Filter>
    </ClCompile>
    <ClCompile Include="..\include\fractal.c">
      <Filter>Source Files</Filter>
    </ClCompile>
    <ClCompile Include="..\include\input.c">
      <Filter>Source Files</Filter>
    </ClCompile>
    <ClCompile Include="..\include\videodecode.c">
      <Filter>Source Files</Filter>
    </ClCompile>
    <ClCompile Include="..\include\videoencode.c">
      <Filter>Source Files</Filter>
    </ClCompile>
    <ClCompile Include="..\include\wasapicapture.c">
      <Filter>Source Files</Filter>
    </ClCompile>
  </ItemGroup>
  <ItemGroup>
    <ClInclude Include="audio.h">
      <Filter>Header Files</Filter>
    </ClInclude>
    <ClInclude Include="main.h">
      <Filter>Header Files</Filter>
    </ClInclude>
    <ClInclude Include="video.h">
      <Filter>Header Files</Filter>
    </ClInclude>
    <ClInclude Include="..\include\aes.h">
      <Filter>Header Files</Filter>
    </ClInclude>
    <ClInclude Include="..\include\audiodecode.h">
      <Filter>Header Files</Filter>
    </ClInclude>
    <ClInclude Include="..\include\audioencode.h">
      <Filter>Header Files</Filter>
    </ClInclude>
    <ClInclude Include="..\include\clipboard.h">
      <Filter>Header Files</Filter>
    </ClInclude>
    <ClInclude Include="..\include\clipboard_osx.h">
      <Filter>Header Files</Filter>
    </ClInclude>
    <ClInclude Include="..\include\desktop.h">
      <Filter>Header Files</Filter>
    </ClInclude>
    <ClInclude Include="..\include\dxgicapture.h">
      <Filter>Header Files</Filter>
    </ClInclude>
    <ClInclude Include="..\include\fractal.h">
      <Filter>Header Files</Filter>
    </ClInclude>
    <ClInclude Include="..\include\input.h">
      <Filter>Header Files</Filter>
    </ClInclude>
    <ClInclude Include="..\include\videodecode.h">
      <Filter>Header Files</Filter>
    </ClInclude>
    <ClInclude Include="..\include\videoencode.h">
      <Filter>Header Files</Filter>
    </ClInclude>
    <ClInclude Include="..\include\wasapicapture.h">
      <Filter>Header Files</Filter>
    </ClInclude>
    <ClInclude Include="..\include\ffmpeg\libavcodec\ac3_parser.h">
      <Filter>Header Files</Filter>
    </ClInclude>
    <ClInclude Include="..\include\ffmpeg\libavcodec\adts_parser.h">
      <Filter>Header Files</Filter>
    </ClInclude>
    <ClInclude Include="..\include\ffmpeg\libavcodec\avcodec.h">
      <Filter>Header Files</Filter>
    </ClInclude>
    <ClInclude Include="..\include\ffmpeg\libavcodec\avdct.h">
      <Filter>Header Files</Filter>
    </ClInclude>
    <ClInclude Include="..\include\ffmpeg\libavcodec\avfft.h">
      <Filter>Header Files</Filter>
    </ClInclude>
    <ClInclude Include="..\include\ffmpeg\libavcodec\d3d11va.h">
      <Filter>Header Files</Filter>
    </ClInclude>
    <ClInclude Include="..\include\ffmpeg\libavcodec\dirac.h">
      <Filter>Header Files</Filter>
    </ClInclude>
    <ClInclude Include="..\include\ffmpeg\libavcodec\dv_profile.h">
      <Filter>Header Files</Filter>
    </ClInclude>
    <ClInclude Include="..\include\ffmpeg\libavcodec\dxva2.h">
      <Filter>Header Files</Filter>
    </ClInclude>
    <ClInclude Include="..\include\ffmpeg\libavcodec\jni.h">
      <Filter>Header Files</Filter>
    </ClInclude>
    <ClInclude Include="..\include\ffmpeg\libavcodec\mediacodec.h">
      <Filter>Header Files</Filter>
    </ClInclude>
    <ClInclude Include="..\include\ffmpeg\libavcodec\qsv.h">
      <Filter>Header Files</Filter>
    </ClInclude>
    <ClInclude Include="..\include\ffmpeg\libavcodec\vaapi.h">
      <Filter>Header Files</Filter>
    </ClInclude>
    <ClInclude Include="..\include\ffmpeg\libavcodec\vdpau.h">
      <Filter>Header Files</Filter>
    </ClInclude>
    <ClInclude Include="..\include\ffmpeg\libavcodec\version.h">
      <Filter>Header Files</Filter>
    </ClInclude>
    <ClInclude Include="..\include\ffmpeg\libavcodec\videotoolbox.h">
      <Filter>Header Files</Filter>
    </ClInclude>
    <ClInclude Include="..\include\ffmpeg\libavcodec\vorbis_parser.h">
      <Filter>Header Files</Filter>
    </ClInclude>
    <ClInclude Include="..\include\ffmpeg\libavcodec\xvmc.h">
      <Filter>Header Files</Filter>
    </ClInclude>
    <ClInclude Include="..\include\ffmpeg\libavdevice\avdevice.h">
      <Filter>Header Files</Filter>
    </ClInclude>
    <ClInclude Include="..\include\ffmpeg\libavdevice\version.h">
      <Filter>Header Files</Filter>
    </ClInclude>
    <ClInclude Include="..\include\ffmpeg\libavfilter\avfilter.h">
      <Filter>Header Files</Filter>
    </ClInclude>
    <ClInclude Include="..\include\ffmpeg\libavfilter\buffersink.h">
      <Filter>Header Files</Filter>
    </ClInclude>
    <ClInclude Include="..\include\ffmpeg\libavfilter\buffersrc.h">
      <Filter>Header Files</Filter>
    </ClInclude>
    <ClInclude Include="..\include\ffmpeg\libavfilter\version.h">
      <Filter>Header Files</Filter>
    </ClInclude>
    <ClInclude Include="..\include\ffmpeg\libavformat\avformat.h">
      <Filter>Header Files</Filter>
    </ClInclude>
    <ClInclude Include="..\include\ffmpeg\libavformat\avio.h">
      <Filter>Header Files</Filter>
    </ClInclude>
    <ClInclude Include="..\include\ffmpeg\libavformat\version.h">
      <Filter>Header Files</Filter>
    </ClInclude>
    <ClInclude Include="..\include\ffmpeg\libavutil\adler32.h">
      <Filter>Header Files</Filter>
    </ClInclude>
    <ClInclude Include="..\include\ffmpeg\libavutil\aes.h">
      <Filter>Header Files</Filter>
    </ClInclude>
    <ClInclude Include="..\include\ffmpeg\libavutil\aes_ctr.h">
      <Filter>Header Files</Filter>
    </ClInclude>
    <ClInclude Include="..\include\ffmpeg\libavutil\attributes.h">
      <Filter>Header Files</Filter>
    </ClInclude>
    <ClInclude Include="..\include\ffmpeg\libavutil\audio_fifo.h">
      <Filter>Header Files</Filter>
    </ClInclude>
    <ClInclude Include="..\include\ffmpeg\libavutil\avassert.h">
      <Filter>Header Files</Filter>
    </ClInclude>
    <ClInclude Include="..\include\ffmpeg\libavutil\avconfig.h">
      <Filter>Header Files</Filter>
    </ClInclude>
    <ClInclude Include="..\include\ffmpeg\libavutil\avstring.h">
      <Filter>Header Files</Filter>
    </ClInclude>
    <ClInclude Include="..\include\ffmpeg\libavutil\avutil.h">
      <Filter>Header Files</Filter>
    </ClInclude>
    <ClInclude Include="..\include\ffmpeg\libavutil\base64.h">
      <Filter>Header Files</Filter>
    </ClInclude>
    <ClInclude Include="..\include\ffmpeg\libavutil\blowfish.h">
      <Filter>Header Files</Filter>
    </ClInclude>
    <ClInclude Include="..\include\ffmpeg\libavutil\bprint.h">
      <Filter>Header Files</Filter>
    </ClInclude>
    <ClInclude Include="..\include\ffmpeg\libavutil\bswap.h">
      <Filter>Header Files</Filter>
    </ClInclude>
    <ClInclude Include="..\include\ffmpeg\libavutil\buffer.h">
      <Filter>Header Files</Filter>
    </ClInclude>
    <ClInclude Include="..\include\ffmpeg\libavutil\camellia.h">
      <Filter>Header Files</Filter>
    </ClInclude>
    <ClInclude Include="..\include\ffmpeg\libavutil\cast5.h">
      <Filter>Header Files</Filter>
    </ClInclude>
    <ClInclude Include="..\include\ffmpeg\libavutil\channel_layout.h">
      <Filter>Header Files</Filter>
    </ClInclude>
    <ClInclude Include="..\include\ffmpeg\libavutil\common.h">
      <Filter>Header Files</Filter>
    </ClInclude>
    <ClInclude Include="..\include\ffmpeg\libavutil\cpu.h">
      <Filter>Header Files</Filter>
    </ClInclude>
    <ClInclude Include="..\include\ffmpeg\libavutil\crc.h">
      <Filter>Header Files</Filter>
    </ClInclude>
    <ClInclude Include="..\include\ffmpeg\libavutil\des.h">
      <Filter>Header Files</Filter>
    </ClInclude>
    <ClInclude Include="..\include\ffmpeg\libavutil\dict.h">
      <Filter>Header Files</Filter>
    </ClInclude>
    <ClInclude Include="..\include\ffmpeg\libavutil\display.h">
      <Filter>Header Files</Filter>
    </ClInclude>
    <ClInclude Include="..\include\ffmpeg\libavutil\downmix_info.h">
      <Filter>Header Files</Filter>
    </ClInclude>
    <ClInclude Include="..\include\ffmpeg\libavutil\encryption_info.h">
      <Filter>Header Files</Filter>
    </ClInclude>
    <ClInclude Include="..\include\ffmpeg\libavutil\error.h">
      <Filter>Header Files</Filter>
    </ClInclude>
    <ClInclude Include="..\include\ffmpeg\libavutil\eval.h">
      <Filter>Header Files</Filter>
    </ClInclude>
    <ClInclude Include="..\include\ffmpeg\libavutil\ffversion.h">
      <Filter>Header Files</Filter>
    </ClInclude>
    <ClInclude Include="..\include\ffmpeg\libavutil\fifo.h">
      <Filter>Header Files</Filter>
    </ClInclude>
    <ClInclude Include="..\include\ffmpeg\libavutil\file.h">
      <Filter>Header Files</Filter>
    </ClInclude>
    <ClInclude Include="..\include\ffmpeg\libavutil\frame.h">
      <Filter>Header Files</Filter>
    </ClInclude>
    <ClInclude Include="..\include\ffmpeg\libavutil\hash.h">
      <Filter>Header Files</Filter>
    </ClInclude>
    <ClInclude Include="..\include\ffmpeg\libavutil\hdr_dynamic_metadata.h">
      <Filter>Header Files</Filter>
    </ClInclude>
    <ClInclude Include="..\include\ffmpeg\libavutil\hmac.h">
      <Filter>Header Files</Filter>
    </ClInclude>
    <ClInclude Include="..\include\ffmpeg\libavutil\hwcontext.h">
      <Filter>Header Files</Filter>
    </ClInclude>
    <ClInclude Include="..\include\ffmpeg\libavutil\hwcontext_cuda.h">
      <Filter>Header Files</Filter>
    </ClInclude>
    <ClInclude Include="..\include\ffmpeg\libavutil\hwcontext_d3d11va.h">
      <Filter>Header Files</Filter>
    </ClInclude>
    <ClInclude Include="..\include\ffmpeg\libavutil\hwcontext_drm.h">
      <Filter>Header Files</Filter>
    </ClInclude>
    <ClInclude Include="..\include\ffmpeg\libavutil\hwcontext_dxva2.h">
      <Filter>Header Files</Filter>
    </ClInclude>
    <ClInclude Include="..\include\ffmpeg\libavutil\hwcontext_mediacodec.h">
      <Filter>Header Files</Filter>
    </ClInclude>
    <ClInclude Include="..\include\ffmpeg\libavutil\hwcontext_qsv.h">
      <Filter>Header Files</Filter>
    </ClInclude>
    <ClInclude Include="..\include\ffmpeg\libavutil\hwcontext_vaapi.h">
      <Filter>Header Files</Filter>
    </ClInclude>
    <ClInclude Include="..\include\ffmpeg\libavutil\hwcontext_vdpau.h">
      <Filter>Header Files</Filter>
    </ClInclude>
    <ClInclude Include="..\include\ffmpeg\libavutil\hwcontext_videotoolbox.h">
      <Filter>Header Files</Filter>
    </ClInclude>
    <ClInclude Include="..\include\ffmpeg\libavutil\imgutils.h">
      <Filter>Header Files</Filter>
    </ClInclude>
    <ClInclude Include="..\include\ffmpeg\libavutil\intfloat.h">
      <Filter>Header Files</Filter>
    </ClInclude>
    <ClInclude Include="..\include\ffmpeg\libavutil\intreadwrite.h">
      <Filter>Header Files</Filter>
    </ClInclude>
    <ClInclude Include="..\include\ffmpeg\libavutil\lfg.h">
      <Filter>Header Files</Filter>
    </ClInclude>
    <ClInclude Include="..\include\ffmpeg\libavutil\log.h">
      <Filter>Header Files</Filter>
    </ClInclude>
    <ClInclude Include="..\include\ffmpeg\libavutil\lzo.h">
      <Filter>Header Files</Filter>
    </ClInclude>
    <ClInclude Include="..\include\ffmpeg\libavutil\macros.h">
      <Filter>Header Files</Filter>
    </ClInclude>
    <ClInclude Include="..\include\ffmpeg\libavutil\mastering_display_metadata.h">
      <Filter>Header Files</Filter>
    </ClInclude>
    <ClInclude Include="..\include\ffmpeg\libavutil\mathematics.h">
      <Filter>Header Files</Filter>
    </ClInclude>
    <ClInclude Include="..\include\ffmpeg\libavutil\md5.h">
      <Filter>Header Files</Filter>
    </ClInclude>
    <ClInclude Include="..\include\ffmpeg\libavutil\mem.h">
      <Filter>Header Files</Filter>
    </ClInclude>
    <ClInclude Include="..\include\ffmpeg\libavutil\motion_vector.h">
      <Filter>Header Files</Filter>
    </ClInclude>
    <ClInclude Include="..\include\ffmpeg\libavutil\murmur3.h">
      <Filter>Header Files</Filter>
    </ClInclude>
    <ClInclude Include="..\include\ffmpeg\libavutil\opt.h">
      <Filter>Header Files</Filter>
    </ClInclude>
    <ClInclude Include="..\include\ffmpeg\libavutil\parseutils.h">
      <Filter>Header Files</Filter>
    </ClInclude>
    <ClInclude Include="..\include\ffmpeg\libavutil\pixdesc.h">
      <Filter>Header Files</Filter>
    </ClInclude>
    <ClInclude Include="..\include\ffmpeg\libavutil\pixelutils.h">
      <Filter>Header Files</Filter>
    </ClInclude>
    <ClInclude Include="..\include\ffmpeg\libavutil\pixfmt.h">
      <Filter>Header Files</Filter>
    </ClInclude>
    <ClInclude Include="..\include\ffmpeg\libavutil\random_seed.h">
      <Filter>Header Files</Filter>
    </ClInclude>
    <ClInclude Include="..\include\ffmpeg\libavutil\rational.h">
      <Filter>Header Files</Filter>
    </ClInclude>
    <ClInclude Include="..\include\ffmpeg\libavutil\rc4.h">
      <Filter>Header Files</Filter>
    </ClInclude>
    <ClInclude Include="..\include\ffmpeg\libavutil\replaygain.h">
      <Filter>Header Files</Filter>
    </ClInclude>
    <ClInclude Include="..\include\ffmpeg\libavutil\ripemd.h">
      <Filter>Header Files</Filter>
    </ClInclude>
    <ClInclude Include="..\include\ffmpeg\libavutil\samplefmt.h">
      <Filter>Header Files</Filter>
    </ClInclude>
    <ClInclude Include="..\include\ffmpeg\libavutil\sha.h">
      <Filter>Header Files</Filter>
    </ClInclude>
    <ClInclude Include="..\include\ffmpeg\libavutil\sha512.h">
      <Filter>Header Files</Filter>
    </ClInclude>
    <ClInclude Include="..\include\ffmpeg\libavutil\spherical.h">
      <Filter>Header Files</Filter>
    </ClInclude>
    <ClInclude Include="..\include\ffmpeg\libavutil\stereo3d.h">
      <Filter>Header Files</Filter>
    </ClInclude>
    <ClInclude Include="..\include\ffmpeg\libavutil\tea.h">
      <Filter>Header Files</Filter>
    </ClInclude>
    <ClInclude Include="..\include\ffmpeg\libavutil\threadmessage.h">
      <Filter>Header Files</Filter>
    </ClInclude>
    <ClInclude Include="..\include\ffmpeg\libavutil\time.h">
      <Filter>Header Files</Filter>
    </ClInclude>
    <ClInclude Include="..\include\ffmpeg\libavutil\timecode.h">
      <Filter>Header Files</Filter>
    </ClInclude>
    <ClInclude Include="..\include\ffmpeg\libavutil\timestamp.h">
      <Filter>Header Files</Filter>
    </ClInclude>
    <ClInclude Include="..\include\ffmpeg\libavutil\tree.h">
      <Filter>Header Files</Filter>
    </ClInclude>
    <ClInclude Include="..\include\ffmpeg\libavutil\twofish.h">
      <Filter>Header Files</Filter>
    </ClInclude>
    <ClInclude Include="..\include\ffmpeg\libavutil\tx.h">
      <Filter>Header Files</Filter>
    </ClInclude>
    <ClInclude Include="..\include\ffmpeg\libavutil\version.h">
      <Filter>Header Files</Filter>
    </ClInclude>
    <ClInclude Include="..\include\ffmpeg\libavutil\xtea.h">
      <Filter>Header Files</Filter>
    </ClInclude>
    <ClInclude Include="..\include\ffmpeg\libpostproc\postprocess.h">
      <Filter>Header Files</Filter>
    </ClInclude>
    <ClInclude Include="..\include\ffmpeg\libpostproc\version.h">
      <Filter>Header Files</Filter>
    </ClInclude>
    <ClInclude Include="..\include\ffmpeg\libswresample\swresample.h">
      <Filter>Header Files</Filter>
    </ClInclude>
    <ClInclude Include="..\include\ffmpeg\libswresample\version.h">
      <Filter>Header Files</Filter>
    </ClInclude>
    <ClInclude Include="..\include\ffmpeg\libswscale\swscale.h">
      <Filter>Header Files</Filter>
    </ClInclude>
    <ClInclude Include="..\include\ffmpeg\libswscale\version.h">
      <Filter>Header Files</Filter>
    </ClInclude>
    <ClInclude Include="..\include\mfx\mfxastructures.h">
      <Filter>Header Files</Filter>
    </ClInclude>
    <ClInclude Include="..\include\mfx\mfxaudio++.h">
      <Filter>Header Files</Filter>
    </ClInclude>
    <ClInclude Include="..\include\mfx\mfxaudio.h">
      <Filter>Header Files</Filter>
    </ClInclude>
    <ClInclude Include="..\include\mfx\mfxbrc.h">
      <Filter>Header Files</Filter>
    </ClInclude>
    <ClInclude Include="..\include\mfx\mfxcamera.h">
      <Filter>Header Files</Filter>
    </ClInclude>
    <ClInclude Include="..\include\mfx\mfxcommon.h">
      <Filter>Header Files</Filter>
    </ClInclude>
    <ClInclude Include="..\include\mfx\mfxdefs.h">
      <Filter>Header Files</Filter>
    </ClInclude>
    <ClInclude Include="..\include\mfx\mfxenc.h">
      <Filter>Header Files</Filter>
    </ClInclude>
    <ClInclude Include="..\include\mfx\mfxjpeg.h">
      <Filter>Header Files</Filter>
    </ClInclude>
    <ClInclude Include="..\include\mfx\mfxla.h">
      <Filter>Header Files</Filter>
    </ClInclude>
    <ClInclude Include="..\include\mfx\mfxmvc.h">
      <Filter>Header Files</Filter>
    </ClInclude>
    <ClInclude Include="..\include\mfx\mfxpak.h">
      <Filter>Header Files</Filter>
    </ClInclude>
    <ClInclude Include="..\include\mfx\mfxplugin++.h">
      <Filter>Header Files</Filter>
    </ClInclude>
    <ClInclude Include="..\include\mfx\mfxplugin.h">
      <Filter>Header Files</Filter>
    </ClInclude>
    <ClInclude Include="..\include\mfx\mfxsession.h">
      <Filter>Header Files</Filter>
    </ClInclude>
    <ClInclude Include="..\include\mfx\mfxstructures.h">
      <Filter>Header Files</Filter>
    </ClInclude>
    <ClInclude Include="..\include\mfx\mfxvideo++.h">
      <Filter>Header Files</Filter>
    </ClInclude>
    <ClInclude Include="..\include\mfx\mfxvideo.h">
      <Filter>Header Files</Filter>
    </ClInclude>
    <ClInclude Include="..\include\mfx\mfxvp8.h">
      <Filter>Header Files</Filter>
    </ClInclude>
    <ClInclude Include="..\include\mfx\mfxvp9.h">
      <Filter>Header Files</Filter>
    </ClInclude>
    <ClInclude Include="..\include\mfx\mfxvstructures.h">
      <Filter>Header Files</Filter>
    </ClInclude>
    <ClInclude Include="..\include\openssl\aes.h">
      <Filter>Header Files</Filter>
    </ClInclude>
    <ClInclude Include="..\include\openssl\asn1.h">
      <Filter>Header Files</Filter>
    </ClInclude>
    <ClInclude Include="..\include\openssl\asn1t.h">
      <Filter>Header Files</Filter>
    </ClInclude>
    <ClInclude Include="..\include\openssl\asn1_mac.h">
      <Filter>Header Files</Filter>
    </ClInclude>
    <ClInclude Include="..\include\openssl\async.h">
      <Filter>Header Files</Filter>
    </ClInclude>
    <ClInclude Include="..\include\openssl\bio.h">
      <Filter>Header Files</Filter>
    </ClInclude>
    <ClInclude Include="..\include\openssl\blowfish.h">
      <Filter>Header Files</Filter>
    </ClInclude>
    <ClInclude Include="..\include\openssl\bn.h">
      <Filter>Header Files</Filter>
    </ClInclude>
    <ClInclude Include="..\include\openssl\buffer.h">
      <Filter>Header Files</Filter>
    </ClInclude>
    <ClInclude Include="..\include\openssl\camellia.h">
      <Filter>Header Files</Filter>
    </ClInclude>
    <ClInclude Include="..\include\openssl\cast.h">
      <Filter>Header Files</Filter>
    </ClInclude>
    <ClInclude Include="..\include\openssl\cmac.h">
      <Filter>Header Files</Filter>
    </ClInclude>
    <ClInclude Include="..\include\openssl\cms.h">
      <Filter>Header Files</Filter>
    </ClInclude>
    <ClInclude Include="..\include\openssl\comp.h">
      <Filter>Header Files</Filter>
    </ClInclude>
    <ClInclude Include="..\include\openssl\conf.h">
      <Filter>Header Files</Filter>
    </ClInclude>
    <ClInclude Include="..\include\openssl\conf_api.h">
      <Filter>Header Files</Filter>
    </ClInclude>
    <ClInclude Include="..\include\openssl\crypto.h">
      <Filter>Header Files</Filter>
    </ClInclude>
    <ClInclude Include="..\include\openssl\ct.h">
      <Filter>Header Files</Filter>
    </ClInclude>
    <ClInclude Include="..\include\openssl\des.h">
      <Filter>Header Files</Filter>
    </ClInclude>
    <ClInclude Include="..\include\openssl\dh.h">
      <Filter>Header Files</Filter>
    </ClInclude>
    <ClInclude Include="..\include\openssl\dsa.h">
      <Filter>Header Files</Filter>
    </ClInclude>
    <ClInclude Include="..\include\openssl\dtls1.h">
      <Filter>Header Files</Filter>
    </ClInclude>
    <ClInclude Include="..\include\openssl\ebcdic.h">
      <Filter>Header Files</Filter>
    </ClInclude>
    <ClInclude Include="..\include\openssl\ec.h">
      <Filter>Header Files</Filter>
    </ClInclude>
    <ClInclude Include="..\include\openssl\ecdh.h">
      <Filter>Header Files</Filter>
    </ClInclude>
    <ClInclude Include="..\include\openssl\ecdsa.h">
      <Filter>Header Files</Filter>
    </ClInclude>
    <ClInclude Include="..\include\openssl\engine.h">
      <Filter>Header Files</Filter>
    </ClInclude>
    <ClInclude Include="..\include\openssl\err.h">
      <Filter>Header Files</Filter>
    </ClInclude>
    <ClInclude Include="..\include\openssl\evp.h">
      <Filter>Header Files</Filter>
    </ClInclude>
    <ClInclude Include="..\include\openssl\e_os2.h">
      <Filter>Header Files</Filter>
    </ClInclude>
    <ClInclude Include="..\include\openssl\hmac.h">
      <Filter>Header Files</Filter>
    </ClInclude>
    <ClInclude Include="..\include\openssl\idea.h">
      <Filter>Header Files</Filter>
    </ClInclude>
    <ClInclude Include="..\include\openssl\kdf.h">
      <Filter>Header Files</Filter>
    </ClInclude>
    <ClInclude Include="..\include\openssl\lhash.h">
      <Filter>Header Files</Filter>
    </ClInclude>
    <ClInclude Include="..\include\openssl\md2.h">
      <Filter>Header Files</Filter>
    </ClInclude>
    <ClInclude Include="..\include\openssl\md4.h">
      <Filter>Header Files</Filter>
    </ClInclude>
    <ClInclude Include="..\include\openssl\md5.h">
      <Filter>Header Files</Filter>
    </ClInclude>
    <ClInclude Include="..\include\openssl\mdc2.h">
      <Filter>Header Files</Filter>
    </ClInclude>
    <ClInclude Include="..\include\openssl\modes.h">
      <Filter>Header Files</Filter>
    </ClInclude>
    <ClInclude Include="..\include\openssl\objects.h">
      <Filter>Header Files</Filter>
    </ClInclude>
    <ClInclude Include="..\include\openssl\obj_mac.h">
      <Filter>Header Files</Filter>
    </ClInclude>
    <ClInclude Include="..\include\openssl\ocsp.h">
      <Filter>Header Files</Filter>
    </ClInclude>
    <ClInclude Include="..\include\openssl\opensslconf.h">
      <Filter>Header Files</Filter>
    </ClInclude>
    <ClInclude Include="..\include\openssl\opensslv.h">
      <Filter>Header Files</Filter>
    </ClInclude>
    <ClInclude Include="..\include\openssl\ossl_typ.h">
      <Filter>Header Files</Filter>
    </ClInclude>
    <ClInclude Include="..\include\openssl\pem.h">
      <Filter>Header Files</Filter>
    </ClInclude>
    <ClInclude Include="..\include\openssl\pem2.h">
      <Filter>Header Files</Filter>
    </ClInclude>
    <ClInclude Include="..\include\openssl\pkcs12.h">
      <Filter>Header Files</Filter>
    </ClInclude>
    <ClInclude Include="..\include\openssl\pkcs7.h">
      <Filter>Header Files</Filter>
    </ClInclude>
    <ClInclude Include="..\include\openssl\rand.h">
      <Filter>Header Files</Filter>
    </ClInclude>
    <ClInclude Include="..\include\openssl\rc2.h">
      <Filter>Header Files</Filter>
    </ClInclude>
    <ClInclude Include="..\include\openssl\rc4.h">
      <Filter>Header Files</Filter>
    </ClInclude>
    <ClInclude Include="..\include\openssl\rc5.h">
      <Filter>Header Files</Filter>
    </ClInclude>
    <ClInclude Include="..\include\openssl\ripemd.h">
      <Filter>Header Files</Filter>
    </ClInclude>
    <ClInclude Include="..\include\openssl\rsa.h">
      <Filter>Header Files</Filter>
    </ClInclude>
    <ClInclude Include="..\include\openssl\safestack.h">
      <Filter>Header Files</Filter>
    </ClInclude>
    <ClInclude Include="..\include\openssl\seed.h">
      <Filter>Header Files</Filter>
    </ClInclude>
    <ClInclude Include="..\include\openssl\sha.h">
      <Filter>Header Files</Filter>
    </ClInclude>
    <ClInclude Include="..\include\openssl\srp.h">
      <Filter>Header Files</Filter>
    </ClInclude>
    <ClInclude Include="..\include\openssl\srtp.h">
      <Filter>Header Files</Filter>
    </ClInclude>
    <ClInclude Include="..\include\openssl\ssl.h">
      <Filter>Header Files</Filter>
    </ClInclude>
    <ClInclude Include="..\include\openssl\ssl2.h">
      <Filter>Header Files</Filter>
    </ClInclude>
    <ClInclude Include="..\include\openssl\ssl3.h">
      <Filter>Header Files</Filter>
    </ClInclude>
    <ClInclude Include="..\include\openssl\stack.h">
      <Filter>Header Files</Filter>
    </ClInclude>
    <ClInclude Include="..\include\openssl\symhacks.h">
      <Filter>Header Files</Filter>
    </ClInclude>
    <ClInclude Include="..\include\openssl\tls1.h">
      <Filter>Header Files</Filter>
    </ClInclude>
    <ClInclude Include="..\include\openssl\ts.h">
      <Filter>Header Files</Filter>
    </ClInclude>
    <ClInclude Include="..\include\openssl\txt_db.h">
      <Filter>Header Files</Filter>
    </ClInclude>
    <ClInclude Include="..\include\openssl\ui.h">
      <Filter>Header Files</Filter>
    </ClInclude>
    <ClInclude Include="..\include\openssl\whrlpool.h">
      <Filter>Header Files</Filter>
    </ClInclude>
    <ClInclude Include="..\include\openssl\x509.h">
      <Filter>Header Files</Filter>
    </ClInclude>
    <ClInclude Include="..\include\openssl\x509v3.h">
      <Filter>Header Files</Filter>
    </ClInclude>
    <ClInclude Include="..\include\openssl\x509_vfy.h">
      <Filter>Header Files</Filter>
    </ClInclude>
    <ClInclude Include="..\include\openssl\__DECC_INCLUDE_EPILOGUE.H">
      <Filter>Header Files</Filter>
    </ClInclude>
    <ClInclude Include="..\include\openssl\__DECC_INCLUDE_PROLOGUE.H">
      <Filter>Header Files</Filter>
    </ClInclude>
    <ClInclude Include="..\include\sdl2\begin_code.h">
      <Filter>Header Files</Filter>
    </ClInclude>
    <ClInclude Include="..\include\sdl2\close_code.h">
      <Filter>Header Files</Filter>
    </ClInclude>
    <ClInclude Include="..\include\sdl2\SDL.h">
      <Filter>Header Files</Filter>
    </ClInclude>
    <ClInclude Include="..\include\sdl2\SDL_assert.h">
      <Filter>Header Files</Filter>
    </ClInclude>
    <ClInclude Include="..\include\sdl2\SDL_atomic.h">
      <Filter>Header Files</Filter>
    </ClInclude>
    <ClInclude Include="..\include\sdl2\SDL_audio.h">
      <Filter>Header Files</Filter>
    </ClInclude>
    <ClInclude Include="..\include\sdl2\SDL_bits.h">
      <Filter>Header Files</Filter>
    </ClInclude>
    <ClInclude Include="..\include\sdl2\SDL_blendmode.h">
      <Filter>Header Files</Filter>
    </ClInclude>
    <ClInclude Include="..\include\sdl2\SDL_clipboard.h">
      <Filter>Header Files</Filter>
    </ClInclude>
    <ClInclude Include="..\include\sdl2\SDL_config.h">
      <Filter>Header Files</Filter>
    </ClInclude>
    <ClInclude Include="..\include\sdl2\SDL_config_android.h">
      <Filter>Header Files</Filter>
    </ClInclude>
    <ClInclude Include="..\include\sdl2\SDL_config_iphoneos.h">
      <Filter>Header Files</Filter>
    </ClInclude>
    <ClInclude Include="..\include\sdl2\SDL_config_macosx.h">
      <Filter>Header Files</Filter>
    </ClInclude>
    <ClInclude Include="..\include\sdl2\SDL_config_minimal.h">
      <Filter>Header Files</Filter>
    </ClInclude>
    <ClInclude Include="..\include\sdl2\SDL_config_pandora.h">
      <Filter>Header Files</Filter>
    </ClInclude>
    <ClInclude Include="..\include\sdl2\SDL_config_psp.h">
      <Filter>Header Files</Filter>
    </ClInclude>
    <ClInclude Include="..\include\sdl2\SDL_config_windows.h">
      <Filter>Header Files</Filter>
    </ClInclude>
    <ClInclude Include="..\include\sdl2\SDL_config_winrt.h">
      <Filter>Header Files</Filter>
    </ClInclude>
    <ClInclude Include="..\include\sdl2\SDL_config_wiz.h">
      <Filter>Header Files</Filter>
    </ClInclude>
    <ClInclude Include="..\include\sdl2\SDL_copying.h">
      <Filter>Header Files</Filter>
    </ClInclude>
    <ClInclude Include="..\include\sdl2\SDL_cpuinfo.h">
      <Filter>Header Files</Filter>
    </ClInclude>
    <ClInclude Include="..\include\sdl2\SDL_egl.h">
      <Filter>Header Files</Filter>
    </ClInclude>
    <ClInclude Include="..\include\sdl2\SDL_endian.h">
      <Filter>Header Files</Filter>
    </ClInclude>
    <ClInclude Include="..\include\sdl2\SDL_error.h">
      <Filter>Header Files</Filter>
    </ClInclude>
    <ClInclude Include="..\include\sdl2\SDL_events.h">
      <Filter>Header Files</Filter>
    </ClInclude>
    <ClInclude Include="..\include\sdl2\SDL_filesystem.h">
      <Filter>Header Files</Filter>
    </ClInclude>
    <ClInclude Include="..\include\sdl2\SDL_gamecontroller.h">
      <Filter>Header Files</Filter>
    </ClInclude>
    <ClInclude Include="..\include\sdl2\SDL_gesture.h">
      <Filter>Header Files</Filter>
    </ClInclude>
    <ClInclude Include="..\include\sdl2\SDL_haptic.h">
      <Filter>Header Files</Filter>
    </ClInclude>
    <ClInclude Include="..\include\sdl2\SDL_hints.h">
      <Filter>Header Files</Filter>
    </ClInclude>
    <ClInclude Include="..\include\sdl2\SDL_joystick.h">
      <Filter>Header Files</Filter>
    </ClInclude>
    <ClInclude Include="..\include\sdl2\SDL_keyboard.h">
      <Filter>Header Files</Filter>
    </ClInclude>
    <ClInclude Include="..\include\sdl2\SDL_keycode.h">
      <Filter>Header Files</Filter>
    </ClInclude>
    <ClInclude Include="..\include\sdl2\SDL_loadso.h">
      <Filter>Header Files</Filter>
    </ClInclude>
    <ClInclude Include="..\include\sdl2\SDL_log.h">
      <Filter>Header Files</Filter>
    </ClInclude>
    <ClInclude Include="..\include\sdl2\SDL_main.h">
      <Filter>Header Files</Filter>
    </ClInclude>
    <ClInclude Include="..\include\sdl2\SDL_messagebox.h">
      <Filter>Header Files</Filter>
    </ClInclude>
    <ClInclude Include="..\include\sdl2\SDL_mouse.h">
      <Filter>Header Files</Filter>
    </ClInclude>
    <ClInclude Include="..\include\sdl2\SDL_mutex.h">
      <Filter>Header Files</Filter>
    </ClInclude>
    <ClInclude Include="..\include\sdl2\SDL_name.h">
      <Filter>Header Files</Filter>
    </ClInclude>
    <ClInclude Include="..\include\sdl2\SDL_opengl.h">
      <Filter>Header Files</Filter>
    </ClInclude>
    <ClInclude Include="..\include\sdl2\SDL_opengles.h">
      <Filter>Header Files</Filter>
    </ClInclude>
    <ClInclude Include="..\include\sdl2\SDL_opengles2.h">
      <Filter>Header Files</Filter>
    </ClInclude>
    <ClInclude Include="..\include\sdl2\SDL_opengles2_gl2.h">
      <Filter>Header Files</Filter>
    </ClInclude>
    <ClInclude Include="..\include\sdl2\SDL_opengles2_gl2ext.h">
      <Filter>Header Files</Filter>
    </ClInclude>
    <ClInclude Include="..\include\sdl2\SDL_opengles2_gl2platform.h">
      <Filter>Header Files</Filter>
    </ClInclude>
    <ClInclude Include="..\include\sdl2\SDL_opengles2_khrplatform.h">
      <Filter>Header Files</Filter>
    </ClInclude>
    <ClInclude Include="..\include\sdl2\SDL_opengl_glext.h">
      <Filter>Header Files</Filter>
    </ClInclude>
    <ClInclude Include="..\include\sdl2\SDL_pixels.h">
      <Filter>Header Files</Filter>
    </ClInclude>
    <ClInclude Include="..\include\sdl2\SDL_platform.h">
      <Filter>Header Files</Filter>
    </ClInclude>
    <ClInclude Include="..\include\sdl2\SDL_power.h">
      <Filter>Header Files</Filter>
    </ClInclude>
    <ClInclude Include="..\include\sdl2\SDL_quit.h">
      <Filter>Header Files</Filter>
    </ClInclude>
    <ClInclude Include="..\include\sdl2\SDL_rect.h">
      <Filter>Header Files</Filter>
    </ClInclude>
    <ClInclude Include="..\include\sdl2\SDL_render.h">
      <Filter>Header Files</Filter>
    </ClInclude>
    <ClInclude Include="..\include\sdl2\SDL_revision.h">
      <Filter>Header Files</Filter>
    </ClInclude>
    <ClInclude Include="..\include\sdl2\SDL_rwops.h">
      <Filter>Header Files</Filter>
    </ClInclude>
    <ClInclude Include="..\include\sdl2\SDL_scancode.h">
      <Filter>Header Files</Filter>
    </ClInclude>
    <ClInclude Include="..\include\sdl2\SDL_shape.h">
      <Filter>Header Files</Filter>
    </ClInclude>
    <ClInclude Include="..\include\sdl2\SDL_stdinc.h">
      <Filter>Header Files</Filter>
    </ClInclude>
    <ClInclude Include="..\include\sdl2\SDL_surface.h">
      <Filter>Header Files</Filter>
    </ClInclude>
    <ClInclude Include="..\include\sdl2\SDL_system.h">
      <Filter>Header Files</Filter>
    </ClInclude>
    <ClInclude Include="..\include\sdl2\SDL_syswm.h">
      <Filter>Header Files</Filter>
    </ClInclude>
    <ClInclude Include="..\include\sdl2\SDL_test.h">
      <Filter>Header Files</Filter>
    </ClInclude>
    <ClInclude Include="..\include\sdl2\SDL_test_assert.h">
      <Filter>Header Files</Filter>
    </ClInclude>
    <ClInclude Include="..\include\sdl2\SDL_test_common.h">
      <Filter>Header Files</Filter>
    </ClInclude>
    <ClInclude Include="..\include\sdl2\SDL_test_compare.h">
      <Filter>Header Files</Filter>
    </ClInclude>
    <ClInclude Include="..\include\sdl2\SDL_test_crc32.h">
      <Filter>Header Files</Filter>
    </ClInclude>
    <ClInclude Include="..\include\sdl2\SDL_test_font.h">
      <Filter>Header Files</Filter>
    </ClInclude>
    <ClInclude Include="..\include\sdl2\SDL_test_fuzzer.h">
      <Filter>Header Files</Filter>
    </ClInclude>
    <ClInclude Include="..\include\sdl2\SDL_test_harness.h">
      <Filter>Header Files</Filter>
    </ClInclude>
    <ClInclude Include="..\include\sdl2\SDL_test_images.h">
      <Filter>Header Files</Filter>
    </ClInclude>
    <ClInclude Include="..\include\sdl2\SDL_test_log.h">
      <Filter>Header Files</Filter>
    </ClInclude>
    <ClInclude Include="..\include\sdl2\SDL_test_md5.h">
      <Filter>Header Files</Filter>
    </ClInclude>
    <ClInclude Include="..\include\sdl2\SDL_test_memory.h">
      <Filter>Header Files</Filter>
    </ClInclude>
    <ClInclude Include="..\include\sdl2\SDL_test_random.h">
      <Filter>Header Files</Filter>
    </ClInclude>
    <ClInclude Include="..\include\sdl2\SDL_thread.h">
      <Filter>Header Files</Filter>
    </ClInclude>
    <ClInclude Include="..\include\sdl2\SDL_timer.h">
      <Filter>Header Files</Filter>
    </ClInclude>
    <ClInclude Include="..\include\sdl2\SDL_touch.h">
      <Filter>Header Files</Filter>
    </ClInclude>
    <ClInclude Include="..\include\sdl2\SDL_types.h">
      <Filter>Header Files</Filter>
    </ClInclude>
    <ClInclude Include="..\include\sdl2\SDL_version.h">
      <Filter>Header Files</Filter>
    </ClInclude>
    <ClInclude Include="..\include\sdl2\SDL_video.h">
      <Filter>Header Files</Filter>
    </ClInclude>
    <ClInclude Include="..\include\sdl2\SDL_vulkan.h">
      <Filter>Header Files</Filter>
    </ClInclude>
  </ItemGroup>
</Project>