<?xml version="1.0" encoding="utf-8"?>
<Project ToolsVersion="4.0" xmlns="http://schemas.microsoft.com/developer/msbuild/2003">
  <ItemGroup>
    <Filter Include="Source Files">
      <UniqueIdentifier>{4FC737F1-C7A5-4376-A066-2A32D752A2FF}</UniqueIdentifier>
      <Extensions>cpp;c;cc;cxx;def;odl;idl;hpj;bat;asm;asmx</Extensions>
    </Filter>
    <Filter Include="Header Files">
      <UniqueIdentifier>{93995380-89BD-4b04-88EB-625FBE52EBFB}</UniqueIdentifier>
      <Extensions>h;hh;hpp;hxx;hm;inl;inc;xsd</Extensions>
    </Filter>
    <Filter Include="Resource Files">
      <UniqueIdentifier>{67DA6AB6-F800-4c08-8B7A-83BB121AAD01}</UniqueIdentifier>
      <Extensions>rc;ico;cur;bmp;dlg;rc2;rct;bin;rgs;gif;jpg;jpeg;jpe;resx;tiff;tif;png;wav</Extensions>
    </Filter>
  </ItemGroup>
  <ItemGroup>
    <ClCompile Include="audio.c">
      <Filter>Source Files</Filter>
    </ClCompile>
    <ClCompile Include="main.c">
      <Filter>Source Files</Filter>
    </ClCompile>
    <ClCompile Include="video.c">
      <Filter>Source Files</Filter>
    </ClCompile>
    <ClCompile Include="..\include\aes.c">
      <Filter>Source Files</Filter>
    </ClCompile>
    <ClCompile Include="..\include\audiodecode.c">
      <Filter>Source Files</Filter>
    </ClCompile>
    <ClCompile Include="..\include\audioencode.c">
      <Filter>Source Files</Filter>
    </ClCompile>
    <ClCompile Include="..\include\desktop.c">
      <Filter>Source Files</Filter>
    </ClCompile>
    <ClCompile Include="..\include\dxgicapture.c">
      <Filter>Source Files</Filter>
    </ClCompile>
    <ClCompile Include="..\include\fractal.c">
      <Filter>Source Files</Filter>
    </ClCompile>
    <ClCompile Include="..\include\videodecode.c">
      <Filter>Source Files</Filter>
    </ClCompile>
    <ClCompile Include="..\include\videoencode.c">
      <Filter>Source Files</Filter>
    </ClCompile>
    <ClCompile Include="..\include\wasapicapture.c">
      <Filter>Source Files</Filter>
    </ClCompile>
    <ClCompile Include="..\include\win_clipboard.c">
      <Filter>Source Files</Filter>
    </ClCompile>
    <ClCompile Include="..\include\windowsinput.c">
      <Filter>Source Files</Filter>
    </ClCompile>
    <ClCompile Include="..\include\clipboard_thread.c">
      <Filter>Source Files</Filter>
    </ClCompile>
  </ItemGroup>
  <ItemGroup>
    <ClInclude Include="..\include\aes.h">
      <Filter>Header Files</Filter>
    </ClInclude>
    <ClInclude Include="..\include\alsacapture.h">
      <Filter>Header Files</Filter>
    </ClInclude>
    <ClInclude Include="..\include\audiocapture.h">
      <Filter>Header Files</Filter>
    </ClInclude>
    <ClInclude Include="..\include\audiodecode.h">
      <Filter>Header Files</Filter>
    </ClInclude>
    <ClInclude Include="..\include\audioencode.h">
      <Filter>Header Files</Filter>
    </ClInclude>
    <ClInclude Include="..\include\clipboard.h">
      <Filter>Header Files</Filter>
    </ClInclude>
    <ClInclude Include="..\include\desktop.h">
      <Filter>Header Files</Filter>
    </ClInclude>
    <ClInclude Include="..\include\dxgicapture.h">
      <Filter>Header Files</Filter>
    </ClInclude>
    <ClInclude Include="..\include\fractal.h">
      <Filter>Header Files</Filter>
    </ClInclude>
    <ClInclude Include="..\include\input.h">
      <Filter>Header Files</Filter>
    </ClInclude>
    <ClInclude Include="..\include\mac_utils.h">
      <Filter>Header Files</Filter>
    </ClInclude>
    <ClInclude Include="..\include\screencapture.h">
      <Filter>Header Files</Filter>
    </ClInclude>
    <ClInclude Include="..\include\videodecode.h">
      <Filter>Header Files</Filter>
    </ClInclude>
    <ClInclude Include="..\include\videoencode.h">
      <Filter>Header Files</Filter>
    </ClInclude>
    <ClInclude Include="..\include\wasapicapture.h">
      <Filter>Header Files</Filter>
    </ClInclude>
    <ClInclude Include="..\include\webserver.h">
      <Filter>Header Files</Filter>
    </ClInclude>
    <ClInclude Include="..\include\windowsinput.h">
      <Filter>Header Files</Filter>
    </ClInclude>
  </ItemGroup>
</Project>