<?xml version="1.0" encoding="utf-8"?>
<Project ToolsVersion="16.0" xmlns="http://schemas.microsoft.com/developer/msbuild/2003">
  <ItemGroup>
    <CustomBuild Include="C:\Users\vm1\Downloads\fractal-protocol\desktop\include\json-c\CMakeFiles\953dcad59fe1363da6bb829f81a9fc6c\PACKAGE_force.rule">
      <Filter>CMake Rules</Filter>
    </CustomBuild>
  </ItemGroup>
  <ItemGroup>
    <Filter Include="CMake Rules">
      <UniqueIdentifier>{F3AF3102-654E-3611-B2B2-43D57CF21A3A}</UniqueIdentifier>
    </Filter>
  </ItemGroup>
</Project>
