Microsoft Visual Studio Solution File, Format Version 12.00
# Visual Studio 16
Project("{8BC9CEB8-8B4A-11D0-8D11-00A0C91BC942}") = "ALL_BUILD", "ALL_BUILD.vcxproj", "{2673FA45-2CA2-311A-8BD7-5620202B05AB}"
	ProjectSection(ProjectDependencies) = postProject
		{BBC06D2B-9BE5-376E-A449-D11F7DDCA6B4} = {BBC06D2B-9BE5-376E-A449-D11F7DDCA6B4}
		{AD7749CC-2B66-3746-BA81-6308273B7D10} = {AD7749CC-2B66-3746-BA81-6308273B7D10}
		{DB02314A-36F4-3CAF-8E8B-CF32C9D6AB4B} = {DB02314A-36F4-3CAF-8E8B-CF32C9D6AB4B}
		{B6CA491F-362F-381E-972A-B69E8FF39D89} = {B6CA491F-362F-381E-972A-B69E8FF39D89}
		{47A85500-0438-36AB-A7CE-A8C07E9D3A14} = {47A85500-0438-36AB-A7CE-A8C07E9D3A14}
		{E4F0BA68-361E-3D36-802B-F2A6BE97BF4F} = {E4F0BA68-361E-3D36-802B-F2A6BE97BF4F}
		{D20BD481-7CA9-3C65-8A01-4EA283B335A5} = {D20BD481-7CA9-3C65-8A01-4EA283B335A5}
		{C1DFB251-DA02-37CC-89BC-50FD40650B5B} = {C1DFB251-DA02-37CC-89BC-50FD40650B5B}
		{F9AB4E4E-0514-3323-827F-138E99A3FF39} = {F9AB4E4E-0514-3323-827F-138E99A3FF39}
		{51FB8C6F-5497-3CDE-A43A-6A75B816D515} = {51FB8C6F-5497-3CDE-A43A-6A75B816D515}
		{FFBD7D54-5131-344A-9028-2CAB961F7796} = {FFBD7D54-5131-344A-9028-2CAB961F7796}
		{66DB1D50-BA01-3E07-9CA3-F93F30C6AFF4} = {66DB1D50-BA01-3E07-9CA3-F93F30C6AFF4}
		{1AC3189A-8E2B-3BD6-9364-59CDE695BE3D} = {1AC3189A-8E2B-3BD6-9364-59CDE695BE3D}
		{8A418B8D-E8A5-320E-A609-E158CFFAFAC8} = {8A418B8D-E8A5-320E-A609-E158CFFAFAC8}
		{FE690552-BDD2-3469-BCE5-4D5206AFAC77} = {FE690552-BDD2-3469-BCE5-4D5206AFAC77}
		{C7CC55C3-E51F-32BE-B7E1-D354605D39BB} = {C7CC55C3-E51F-32BE-B7E1-D354605D39BB}
		{9CAFE9A3-142A-3F08-8553-2F0B76D5A917} = {9CAFE9A3-142A-3F08-8553-2F0B76D5A917}
		{8F34D606-B564-3228-B23C-65DB94912E74} = {8F34D606-B564-3228-B23C-65DB94912E74}
		{A033A113-3016-3F5A-A21E-7DE25182E86B} = {A033A113-3016-3F5A-A21E-7DE25182E86B}
		{1DA3CA95-5B07-3BF9-8670-58CED06D932B} = {1DA3CA95-5B07-3BF9-8670-58CED06D932B}
		{6EB2B813-A49B-3C06-8B09-552A5BFEFC77} = {6EB2B813-A49B-3C06-8B09-552A5BFEFC77}
		{0A8ABAFD-8EC0-3F30-8543-AD9CE11A332C} = {0A8ABAFD-8EC0-3F30-8543-AD9CE11A332C}
		{9D803DF1-44EB-3DC1-977D-6F9192D35E20} = {9D803DF1-44EB-3DC1-977D-6F9192D35E20}
		{E6E4EBA5-EB35-3599-8F5C-136B9E918FA1} = {E6E4EBA5-EB35-3599-8F5C-136B9E918FA1}
		{71FEC631-7A97-3F3D-9B65-AC9403D84AF2} = {71FEC631-7A97-3F3D-9B65-AC9403D84AF2}
	EndProjectSection
EndProject
Project("{8BC9CEB8-8B4A-11D0-8D11-00A0C91BC942}") = "Continuous", "Continuous.vcxproj", "{83285A6E-B019-3719-A9C4-FA6EF7F2C502}"
	ProjectSection(ProjectDependencies) = postProject
		{BBC06D2B-9BE5-376E-A449-D11F7DDCA6B4} = {BBC06D2B-9BE5-376E-A449-D11F7DDCA6B4}
	EndProjectSection
EndProject
Project("{8BC9CEB8-8B4A-11D0-8D11-00A0C91BC942}") = "Experimental", "Experimental.vcxproj", "{8BB81BD3-083B-32DB-BE5E-9E7BC3C4B971}"
	ProjectSection(ProjectDependencies) = postProject
		{BBC06D2B-9BE5-376E-A449-D11F7DDCA6B4} = {BBC06D2B-9BE5-376E-A449-D11F7DDCA6B4}
	EndProjectSection
EndProject
Project("{8BC9CEB8-8B4A-11D0-8D11-00A0C91BC942}") = "INSTALL", "INSTALL.vcxproj", "{CC0477DA-1164-3B3F-8E9B-10FF76426C3C}"
	ProjectSection(ProjectDependencies) = postProject
		{2673FA45-2CA2-311A-8BD7-5620202B05AB} = {2673FA45-2CA2-311A-8BD7-5620202B05AB}
		{BBC06D2B-9BE5-376E-A449-D11F7DDCA6B4} = {BBC06D2B-9BE5-376E-A449-D11F7DDCA6B4}
	EndProjectSection
EndProject
Project("{8BC9CEB8-8B4A-11D0-8D11-00A0C91BC942}") = "Nightly", "Nightly.vcxproj", "{3D0C857B-A80B-3671-A3C3-FE1EA78D17B4}"
	ProjectSection(ProjectDependencies) = postProject
		{BBC06D2B-9BE5-376E-A449-D11F7DDCA6B4} = {BBC06D2B-9BE5-376E-A449-D11F7DDCA6B4}
	EndProjectSection
EndProject
Project("{8BC9CEB8-8B4A-11D0-8D11-00A0C91BC942}") = "NightlyMemoryCheck", "NightlyMemoryCheck.vcxproj", "{0C2574B0-73CC-30E3-90E0-6AEFADD1AD87}"
	ProjectSection(ProjectDependencies) = postProject
		{BBC06D2B-9BE5-376E-A449-D11F7DDCA6B4} = {BBC06D2B-9BE5-376E-A449-D11F7DDCA6B4}
	EndProjectSection
EndProject
Project("{8BC9CEB8-8B4A-11D0-8D11-00A0C91BC942}") = "PACKAGE", "PACKAGE.vcxproj", "{73780CC3-15CA-3ACC-ADDA-E8EEC5D21E57}"
	ProjectSection(ProjectDependencies) = postProject
		{2673FA45-2CA2-311A-8BD7-5620202B05AB} = {2673FA45-2CA2-311A-8BD7-5620202B05AB}
		{BBC06D2B-9BE5-376E-A449-D11F7DDCA6B4} = {BBC06D2B-9BE5-376E-A449-D11F7DDCA6B4}
	EndProjectSection
EndProject
Project("{8BC9CEB8-8B4A-11D0-8D11-00A0C91BC942}") = "RUN_TESTS", "RUN_TESTS.vcxproj", "{5D8F5B76-6428-3FDD-8615-CA87869B0B0B}"
	ProjectSection(ProjectDependencies) = postProject
		{BBC06D2B-9BE5-376E-A449-D11F7DDCA6B4} = {BBC06D2B-9BE5-376E-A449-D11F7DDCA6B4}
	EndProjectSection
EndProject
Project("{8BC9CEB8-8B4A-11D0-8D11-00A0C91BC942}") = "ZERO_CHECK", "ZERO_CHECK.vcxproj", "{BBC06D2B-9BE5-376E-A449-D11F7DDCA6B4}"
	ProjectSection(ProjectDependencies) = postProject
	EndProjectSection
EndProject
Project("{8BC9CEB8-8B4A-11D0-8D11-00A0C91BC942}") = "json-c", "json-c.vcxproj", "{AD7749CC-2B66-3746-BA81-6308273B7D10}"
	ProjectSection(ProjectDependencies) = postProject
		{BBC06D2B-9BE5-376E-A449-D11F7DDCA6B4} = {BBC06D2B-9BE5-376E-A449-D11F7DDCA6B4}
	EndProjectSection
EndProject
Project("{8BC9CEB8-8B4A-11D0-8D11-00A0C91BC942}") = "test1", "tests\test1.vcxproj", "{DB02314A-36F4-3CAF-8E8B-CF32C9D6AB4B}"
	ProjectSection(ProjectDependencies) = postProject
		{BBC06D2B-9BE5-376E-A449-D11F7DDCA6B4} = {BBC06D2B-9BE5-376E-A449-D11F7DDCA6B4}
		{AD7749CC-2B66-3746-BA81-6308273B7D10} = {AD7749CC-2B66-3746-BA81-6308273B7D10}
	EndProjectSection
EndProject
Project("{8BC9CEB8-8B4A-11D0-8D11-00A0C91BC942}") = "test1Formatted", "tests\test1Formatted.vcxproj", "{B6CA491F-362F-381E-972A-B69E8FF39D89}"
	ProjectSection(ProjectDependencies) = postProject
		{BBC06D2B-9BE5-376E-A449-D11F7DDCA6B4} = {BBC06D2B-9BE5-376E-A449-D11F7DDCA6B4}
		{AD7749CC-2B66-3746-BA81-6308273B7D10} = {AD7749CC-2B66-3746-BA81-6308273B7D10}
	EndProjectSection
EndProject
Project("{8BC9CEB8-8B4A-11D0-8D11-00A0C91BC942}") = "test2", "tests\test2.vcxproj", "{47A85500-0438-36AB-A7CE-A8C07E9D3A14}"
	ProjectSection(ProjectDependencies) = postProject
		{BBC06D2B-9BE5-376E-A449-D11F7DDCA6B4} = {BBC06D2B-9BE5-376E-A449-D11F7DDCA6B4}
		{AD7749CC-2B66-3746-BA81-6308273B7D10} = {AD7749CC-2B66-3746-BA81-6308273B7D10}
	EndProjectSection
EndProject
Project("{8BC9CEB8-8B4A-11D0-8D11-00A0C91BC942}") = "test2Formatted", "tests\test2Formatted.vcxproj", "{E4F0BA68-361E-3D36-802B-F2A6BE97BF4F}"
	ProjectSection(ProjectDependencies) = postProject
		{BBC06D2B-9BE5-376E-A449-D11F7DDCA6B4} = {BBC06D2B-9BE5-376E-A449-D11F7DDCA6B4}
		{AD7749CC-2B66-3746-BA81-6308273B7D10} = {AD7749CC-2B66-3746-BA81-6308273B7D10}
	EndProjectSection
EndProject
Project("{8BC9CEB8-8B4A-11D0-8D11-00A0C91BC942}") = "test4", "tests\test4.vcxproj", "{D20BD481-7CA9-3C65-8A01-4EA283B335A5}"
	ProjectSection(ProjectDependencies) = postProject
		{BBC06D2B-9BE5-376E-A449-D11F7DDCA6B4} = {BBC06D2B-9BE5-376E-A449-D11F7DDCA6B4}
		{AD7749CC-2B66-3746-BA81-6308273B7D10} = {AD7749CC-2B66-3746-BA81-6308273B7D10}
	EndProjectSection
EndProject
Project("{8BC9CEB8-8B4A-11D0-8D11-00A0C91BC942}") = "testReplaceExisting", "tests\testReplaceExisting.vcxproj", "{C1DFB251-DA02-37CC-89BC-50FD40650B5B}"
	ProjectSection(ProjectDependencies) = postProject
		{BBC06D2B-9BE5-376E-A449-D11F7DDCA6B4} = {BBC06D2B-9BE5-376E-A449-D11F7DDCA6B4}
		{AD7749CC-2B66-3746-BA81-6308273B7D10} = {AD7749CC-2B66-3746-BA81-6308273B7D10}
	EndProjectSection
EndProject
Project("{8BC9CEB8-8B4A-11D0-8D11-00A0C91BC942}") = "test_cast", "tests\test_cast.vcxproj", "{F9AB4E4E-0514-3323-827F-138E99A3FF39}"
	ProjectSection(ProjectDependencies) = postProject
		{BBC06D2B-9BE5-376E-A449-D11F7DDCA6B4} = {BBC06D2B-9BE5-376E-A449-D11F7DDCA6B4}
		{AD7749CC-2B66-3746-BA81-6308273B7D10} = {AD7749CC-2B66-3746-BA81-6308273B7D10}
	EndProjectSection
EndProject
Project("{8BC9CEB8-8B4A-11D0-8D11-00A0C91BC942}") = "test_charcase", "tests\test_charcase.vcxproj", "{51FB8C6F-5497-3CDE-A43A-6A75B816D515}"
	ProjectSection(ProjectDependencies) = postProject
		{BBC06D2B-9BE5-376E-A449-D11F7DDCA6B4} = {BBC06D2B-9BE5-376E-A449-D11F7DDCA6B4}
		{AD7749CC-2B66-3746-BA81-6308273B7D10} = {AD7749CC-2B66-3746-BA81-6308273B7D10}
	EndProjectSection
EndProject
Project("{8BC9CEB8-8B4A-11D0-8D11-00A0C91BC942}") = "test_compare", "tests\test_compare.vcxproj", "{FFBD7D54-5131-344A-9028-2CAB961F7796}"
	ProjectSection(ProjectDependencies) = postProject
		{BBC06D2B-9BE5-376E-A449-D11F7DDCA6B4} = {BBC06D2B-9BE5-376E-A449-D11F7DDCA6B4}
		{AD7749CC-2B66-3746-BA81-6308273B7D10} = {AD7749CC-2B66-3746-BA81-6308273B7D10}
	EndProjectSection
EndProject
Project("{8BC9CEB8-8B4A-11D0-8D11-00A0C91BC942}") = "test_deep_copy", "tests\test_deep_copy.vcxproj", "{66DB1D50-BA01-3E07-9CA3-F93F30C6AFF4}"
	ProjectSection(ProjectDependencies) = postProject
		{BBC06D2B-9BE5-376E-A449-D11F7DDCA6B4} = {BBC06D2B-9BE5-376E-A449-D11F7DDCA6B4}
		{AD7749CC-2B66-3746-BA81-6308273B7D10} = {AD7749CC-2B66-3746-BA81-6308273B7D10}
	EndProjectSection
EndProject
Project("{8BC9CEB8-8B4A-11D0-8D11-00A0C91BC942}") = "test_double_serializer", "tests\test_double_serializer.vcxproj", "{1AC3189A-8E2B-3BD6-9364-59CDE695BE3D}"
	ProjectSection(ProjectDependencies) = postProject
		{BBC06D2B-9BE5-376E-A449-D11F7DDCA6B4} = {BBC06D2B-9BE5-376E-A449-D11F7DDCA6B4}
		{AD7749CC-2B66-3746-BA81-6308273B7D10} = {AD7749CC-2B66-3746-BA81-6308273B7D10}
	EndProjectSection
EndProject
Project("{8BC9CEB8-8B4A-11D0-8D11-00A0C91BC942}") = "test_float", "tests\test_float.vcxproj", "{8A418B8D-E8A5-320E-A609-E158CFFAFAC8}"
	ProjectSection(ProjectDependencies) = postProject
		{BBC06D2B-9BE5-376E-A449-D11F7DDCA6B4} = {BBC06D2B-9BE5-376E-A449-D11F7DDCA6B4}
		{AD7749CC-2B66-3746-BA81-6308273B7D10} = {AD7749CC-2B66-3746-BA81-6308273B7D10}
	EndProjectSection
EndProject
Project("{8BC9CEB8-8B4A-11D0-8D11-00A0C91BC942}") = "test_int_add", "tests\test_int_add.vcxproj", "{FE690552-BDD2-3469-BCE5-4D5206AFAC77}"
	ProjectSection(ProjectDependencies) = postProject
		{BBC06D2B-9BE5-376E-A449-D11F7DDCA6B4} = {BBC06D2B-9BE5-376E-A449-D11F7DDCA6B4}
		{AD7749CC-2B66-3746-BA81-6308273B7D10} = {AD7749CC-2B66-3746-BA81-6308273B7D10}
	EndProjectSection
EndProject
Project("{8BC9CEB8-8B4A-11D0-8D11-00A0C91BC942}") = "test_json_pointer", "tests\test_json_pointer.vcxproj", "{C7CC55C3-E51F-32BE-B7E1-D354605D39BB}"
	ProjectSection(ProjectDependencies) = postProject
		{BBC06D2B-9BE5-376E-A449-D11F7DDCA6B4} = {BBC06D2B-9BE5-376E-A449-D11F7DDCA6B4}
		{AD7749CC-2B66-3746-BA81-6308273B7D10} = {AD7749CC-2B66-3746-BA81-6308273B7D10}
	EndProjectSection
EndProject
Project("{8BC9CEB8-8B4A-11D0-8D11-00A0C91BC942}") = "test_locale", "tests\test_locale.vcxproj", "{9CAFE9A3-142A-3F08-8553-2F0B76D5A917}"
	ProjectSection(ProjectDependencies) = postProject
		{BBC06D2B-9BE5-376E-A449-D11F7DDCA6B4} = {BBC06D2B-9BE5-376E-A449-D11F7DDCA6B4}
		{AD7749CC-2B66-3746-BA81-6308273B7D10} = {AD7749CC-2B66-3746-BA81-6308273B7D10}
	EndProjectSection
EndProject
Project("{8BC9CEB8-8B4A-11D0-8D11-00A0C91BC942}") = "test_null", "tests\test_null.vcxproj", "{8F34D606-B564-3228-B23C-65DB94912E74}"
	ProjectSection(ProjectDependencies) = postProject
		{BBC06D2B-9BE5-376E-A449-D11F7DDCA6B4} = {BBC06D2B-9BE5-376E-A449-D11F7DDCA6B4}
		{AD7749CC-2B66-3746-BA81-6308273B7D10} = {AD7749CC-2B66-3746-BA81-6308273B7D10}
	EndProjectSection
EndProject
Project("{8BC9CEB8-8B4A-11D0-8D11-00A0C91BC942}") = "test_parse", "tests\test_parse.vcxproj", "{A033A113-3016-3F5A-A21E-7DE25182E86B}"
	ProjectSection(ProjectDependencies) = postProject
		{BBC06D2B-9BE5-376E-A449-D11F7DDCA6B4} = {BBC06D2B-9BE5-376E-A449-D11F7DDCA6B4}
		{AD7749CC-2B66-3746-BA81-6308273B7D10} = {AD7749CC-2B66-3746-BA81-6308273B7D10}
	EndProjectSection
EndProject
Project("{8BC9CEB8-8B4A-11D0-8D11-00A0C91BC942}") = "test_parse_int64", "tests\test_parse_int64.vcxproj", "{1DA3CA95-5B07-3BF9-8670-58CED06D932B}"
	ProjectSection(ProjectDependencies) = postProject
		{BBC06D2B-9BE5-376E-A449-D11F7DDCA6B4} = {BBC06D2B-9BE5-376E-A449-D11F7DDCA6B4}
		{AD7749CC-2B66-3746-BA81-6308273B7D10} = {AD7749CC-2B66-3746-BA81-6308273B7D10}
	EndProjectSection
EndProject
Project("{8BC9CEB8-8B4A-11D0-8D11-00A0C91BC942}") = "test_printbuf", "tests\test_printbuf.vcxproj", "{6EB2B813-A49B-3C06-8B09-552A5BFEFC77}"
	ProjectSection(ProjectDependencies) = postProject
		{BBC06D2B-9BE5-376E-A449-D11F7DDCA6B4} = {BBC06D2B-9BE5-376E-A449-D11F7DDCA6B4}
		{AD7749CC-2B66-3746-BA81-6308273B7D10} = {AD7749CC-2B66-3746-BA81-6308273B7D10}
	EndProjectSection
EndProject
Project("{8BC9CEB8-8B4A-11D0-8D11-00A0C91BC942}") = "test_set_serializer", "tests\test_set_serializer.vcxproj", "{0A8ABAFD-8EC0-3F30-8543-AD9CE11A332C}"
	ProjectSection(ProjectDependencies) = postProject
		{BBC06D2B-9BE5-376E-A449-D11F7DDCA6B4} = {BBC06D2B-9BE5-376E-A449-D11F7DDCA6B4}
		{AD7749CC-2B66-3746-BA81-6308273B7D10} = {AD7749CC-2B66-3746-BA81-6308273B7D10}
	EndProjectSection
EndProject
Project("{8BC9CEB8-8B4A-11D0-8D11-00A0C91BC942}") = "test_set_value", "tests\test_set_value.vcxproj", "{9D803DF1-44EB-3DC1-977D-6F9192D35E20}"
	ProjectSection(ProjectDependencies) = postProject
		{BBC06D2B-9BE5-376E-A449-D11F7DDCA6B4} = {BBC06D2B-9BE5-376E-A449-D11F7DDCA6B4}
		{AD7749CC-2B66-3746-BA81-6308273B7D10} = {AD7749CC-2B66-3746-BA81-6308273B7D10}
	EndProjectSection
EndProject
Project("{8BC9CEB8-8B4A-11D0-8D11-00A0C91BC942}") = "test_util_file", "tests\test_util_file.vcxproj", "{E6E4EBA5-EB35-3599-8F5C-136B9E918FA1}"
	ProjectSection(ProjectDependencies) = postProject
		{BBC06D2B-9BE5-376E-A449-D11F7DDCA6B4} = {BBC06D2B-9BE5-376E-A449-D11F7DDCA6B4}
		{AD7749CC-2B66-3746-BA81-6308273B7D10} = {AD7749CC-2B66-3746-BA81-6308273B7D10}
	EndProjectSection
EndProject
Project("{8BC9CEB8-8B4A-11D0-8D11-00A0C91BC942}") = "test_visit", "tests\test_visit.vcxproj", "{71FEC631-7A97-3F3D-9B65-AC9403D84AF2}"
	ProjectSection(ProjectDependencies) = postProject
		{BBC06D2B-9BE5-376E-A449-D11F7DDCA6B4} = {BBC06D2B-9BE5-376E-A449-D11F7DDCA6B4}
		{AD7749CC-2B66-3746-BA81-6308273B7D10} = {AD7749CC-2B66-3746-BA81-6308273B7D10}
	EndProjectSection
EndProject
Global
	GlobalSection(SolutionConfigurationPlatforms) = preSolution
		Debug|x64 = Debug|x64
		Release|x64 = Release|x64
		MinSizeRel|x64 = MinSizeRel|x64
		RelWithDebInfo|x64 = RelWithDebInfo|x64
	EndGlobalSection
	GlobalSection(ProjectConfigurationPlatforms) = postSolution
		{2673FA45-2CA2-311A-8BD7-5620202B05AB}.Debug|x64.ActiveCfg = Debug|x64
		{2673FA45-2CA2-311A-8BD7-5620202B05AB}.Debug|x64.Build.0 = Debug|x64
		{2673FA45-2CA2-311A-8BD7-5620202B05AB}.Release|x64.ActiveCfg = Release|x64
		{2673FA45-2CA2-311A-8BD7-5620202B05AB}.Release|x64.Build.0 = Release|x64
		{2673FA45-2CA2-311A-8BD7-5620202B05AB}.MinSizeRel|x64.ActiveCfg = MinSizeRel|x64
		{2673FA45-2CA2-311A-8BD7-5620202B05AB}.MinSizeRel|x64.Build.0 = MinSizeRel|x64
		{2673FA45-2CA2-311A-8BD7-5620202B05AB}.RelWithDebInfo|x64.ActiveCfg = RelWithDebInfo|x64
		{2673FA45-2CA2-311A-8BD7-5620202B05AB}.RelWithDebInfo|x64.Build.0 = RelWithDebInfo|x64
		{83285A6E-B019-3719-A9C4-FA6EF7F2C502}.Debug|x64.ActiveCfg = Debug|x64
		{83285A6E-B019-3719-A9C4-FA6EF7F2C502}.Release|x64.ActiveCfg = Release|x64
		{83285A6E-B019-3719-A9C4-FA6EF7F2C502}.MinSizeRel|x64.ActiveCfg = MinSizeRel|x64
		{83285A6E-B019-3719-A9C4-FA6EF7F2C502}.RelWithDebInfo|x64.ActiveCfg = RelWithDebInfo|x64
		{8BB81BD3-083B-32DB-BE5E-9E7BC3C4B971}.Debug|x64.ActiveCfg = Debug|x64
		{8BB81BD3-083B-32DB-BE5E-9E7BC3C4B971}.Release|x64.ActiveCfg = Release|x64
		{8BB81BD3-083B-32DB-BE5E-9E7BC3C4B971}.MinSizeRel|x64.ActiveCfg = MinSizeRel|x64
		{8BB81BD3-083B-32DB-BE5E-9E7BC3C4B971}.RelWithDebInfo|x64.ActiveCfg = RelWithDebInfo|x64
		{CC0477DA-1164-3B3F-8E9B-10FF76426C3C}.Debug|x64.ActiveCfg = Debug|x64
		{CC0477DA-1164-3B3F-8E9B-10FF76426C3C}.Release|x64.ActiveCfg = Release|x64
		{CC0477DA-1164-3B3F-8E9B-10FF76426C3C}.MinSizeRel|x64.ActiveCfg = MinSizeRel|x64
		{CC0477DA-1164-3B3F-8E9B-10FF76426C3C}.RelWithDebInfo|x64.ActiveCfg = RelWithDebInfo|x64
		{3D0C857B-A80B-3671-A3C3-FE1EA78D17B4}.Debug|x64.ActiveCfg = Debug|x64
		{3D0C857B-A80B-3671-A3C3-FE1EA78D17B4}.Release|x64.ActiveCfg = Release|x64
		{3D0C857B-A80B-3671-A3C3-FE1EA78D17B4}.MinSizeRel|x64.ActiveCfg = MinSizeRel|x64
		{3D0C857B-A80B-3671-A3C3-FE1EA78D17B4}.RelWithDebInfo|x64.ActiveCfg = RelWithDebInfo|x64
		{0C2574B0-73CC-30E3-90E0-6AEFADD1AD87}.Debug|x64.ActiveCfg = Debug|x64
		{0C2574B0-73CC-30E3-90E0-6AEFADD1AD87}.Release|x64.ActiveCfg = Release|x64
		{0C2574B0-73CC-30E3-90E0-6AEFADD1AD87}.MinSizeRel|x64.ActiveCfg = MinSizeRel|x64
		{0C2574B0-73CC-30E3-90E0-6AEFADD1AD87}.RelWithDebInfo|x64.ActiveCfg = RelWithDebInfo|x64
		{73780CC3-15CA-3ACC-ADDA-E8EEC5D21E57}.Debug|x64.ActiveCfg = Debug|x64
		{73780CC3-15CA-3ACC-ADDA-E8EEC5D21E57}.Release|x64.ActiveCfg = Release|x64
		{73780CC3-15CA-3ACC-ADDA-E8EEC5D21E57}.MinSizeRel|x64.ActiveCfg = MinSizeRel|x64
		{73780CC3-15CA-3ACC-ADDA-E8EEC5D21E57}.RelWithDebInfo|x64.ActiveCfg = RelWithDebInfo|x64
		{5D8F5B76-6428-3FDD-8615-CA87869B0B0B}.Debug|x64.ActiveCfg = Debug|x64
		{5D8F5B76-6428-3FDD-8615-CA87869B0B0B}.Release|x64.ActiveCfg = Release|x64
		{5D8F5B76-6428-3FDD-8615-CA87869B0B0B}.MinSizeRel|x64.ActiveCfg = MinSizeRel|x64
		{5D8F5B76-6428-3FDD-8615-CA87869B0B0B}.RelWithDebInfo|x64.ActiveCfg = RelWithDebInfo|x64
		{BBC06D2B-9BE5-376E-A449-D11F7DDCA6B4}.Debug|x64.ActiveCfg = Debug|x64
		{BBC06D2B-9BE5-376E-A449-D11F7DDCA6B4}.Debug|x64.Build.0 = Debug|x64
		{BBC06D2B-9BE5-376E-A449-D11F7DDCA6B4}.Release|x64.ActiveCfg = Release|x64
		{BBC06D2B-9BE5-376E-A449-D11F7DDCA6B4}.Release|x64.Build.0 = Release|x64
		{BBC06D2B-9BE5-376E-A449-D11F7DDCA6B4}.MinSizeRel|x64.ActiveCfg = MinSizeRel|x64
		{BBC06D2B-9BE5-376E-A449-D11F7DDCA6B4}.MinSizeRel|x64.Build.0 = MinSizeRel|x64
		{BBC06D2B-9BE5-376E-A449-D11F7DDCA6B4}.RelWithDebInfo|x64.ActiveCfg = RelWithDebInfo|x64
		{BBC06D2B-9BE5-376E-A449-D11F7DDCA6B4}.RelWithDebInfo|x64.Build.0 = RelWithDebInfo|x64
		{AD7749CC-2B66-3746-BA81-6308273B7D10}.Debug|x64.ActiveCfg = Debug|x64
		{AD7749CC-2B66-3746-BA81-6308273B7D10}.Debug|x64.Build.0 = Debug|x64
		{AD7749CC-2B66-3746-BA81-6308273B7D10}.Release|x64.ActiveCfg = Release|x64
		{AD7749CC-2B66-3746-BA81-6308273B7D10}.Release|x64.Build.0 = Release|x64
		{AD7749CC-2B66-3746-BA81-6308273B7D10}.MinSizeRel|x64.ActiveCfg = MinSizeRel|x64
		{AD7749CC-2B66-3746-BA81-6308273B7D10}.MinSizeRel|x64.Build.0 = MinSizeRel|x64
		{AD7749CC-2B66-3746-BA81-6308273B7D10}.RelWithDebInfo|x64.ActiveCfg = RelWithDebInfo|x64
		{AD7749CC-2B66-3746-BA81-6308273B7D10}.RelWithDebInfo|x64.Build.0 = RelWithDebInfo|x64
		{DB02314A-36F4-3CAF-8E8B-CF32C9D6AB4B}.Debug|x64.ActiveCfg = Debug|x64
		{DB02314A-36F4-3CAF-8E8B-CF32C9D6AB4B}.Debug|x64.Build.0 = Debug|x64
		{DB02314A-36F4-3CAF-8E8B-CF32C9D6AB4B}.Release|x64.ActiveCfg = Release|x64
		{DB02314A-36F4-3CAF-8E8B-CF32C9D6AB4B}.Release|x64.Build.0 = Release|x64
		{DB02314A-36F4-3CAF-8E8B-CF32C9D6AB4B}.MinSizeRel|x64.ActiveCfg = MinSizeRel|x64
		{DB02314A-36F4-3CAF-8E8B-CF32C9D6AB4B}.MinSizeRel|x64.Build.0 = MinSizeRel|x64
		{DB02314A-36F4-3CAF-8E8B-CF32C9D6AB4B}.RelWithDebInfo|x64.ActiveCfg = RelWithDebInfo|x64
		{DB02314A-36F4-3CAF-8E8B-CF32C9D6AB4B}.RelWithDebInfo|x64.Build.0 = RelWithDebInfo|x64
		{B6CA491F-362F-381E-972A-B69E8FF39D89}.Debug|x64.ActiveCfg = Debug|x64
		{B6CA491F-362F-381E-972A-B69E8FF39D89}.Debug|x64.Build.0 = Debug|x64
		{B6CA491F-362F-381E-972A-B69E8FF39D89}.Release|x64.ActiveCfg = Release|x64
		{B6CA491F-362F-381E-972A-B69E8FF39D89}.Release|x64.Build.0 = Release|x64
		{B6CA491F-362F-381E-972A-B69E8FF39D89}.MinSizeRel|x64.ActiveCfg = MinSizeRel|x64
		{B6CA491F-362F-381E-972A-B69E8FF39D89}.MinSizeRel|x64.Build.0 = MinSizeRel|x64
		{B6CA491F-362F-381E-972A-B69E8FF39D89}.RelWithDebInfo|x64.ActiveCfg = RelWithDebInfo|x64
		{B6CA491F-362F-381E-972A-B69E8FF39D89}.RelWithDebInfo|x64.Build.0 = RelWithDebInfo|x64
		{47A85500-0438-36AB-A7CE-A8C07E9D3A14}.Debug|x64.ActiveCfg = Debug|x64
		{47A85500-0438-36AB-A7CE-A8C07E9D3A14}.Debug|x64.Build.0 = Debug|x64
		{47A85500-0438-36AB-A7CE-A8C07E9D3A14}.Release|x64.ActiveCfg = Release|x64
		{47A85500-0438-36AB-A7CE-A8C07E9D3A14}.Release|x64.Build.0 = Release|x64
		{47A85500-0438-36AB-A7CE-A8C07E9D3A14}.MinSizeRel|x64.ActiveCfg = MinSizeRel|x64
		{47A85500-0438-36AB-A7CE-A8C07E9D3A14}.MinSizeRel|x64.Build.0 = MinSizeRel|x64
		{47A85500-0438-36AB-A7CE-A8C07E9D3A14}.RelWithDebInfo|x64.ActiveCfg = RelWithDebInfo|x64
		{47A85500-0438-36AB-A7CE-A8C07E9D3A14}.RelWithDebInfo|x64.Build.0 = RelWithDebInfo|x64
		{E4F0BA68-361E-3D36-802B-F2A6BE97BF4F}.Debug|x64.ActiveCfg = Debug|x64
		{E4F0BA68-361E-3D36-802B-F2A6BE97BF4F}.Debug|x64.Build.0 = Debug|x64
		{E4F0BA68-361E-3D36-802B-F2A6BE97BF4F}.Release|x64.ActiveCfg = Release|x64
		{E4F0BA68-361E-3D36-802B-F2A6BE97BF4F}.Release|x64.Build.0 = Release|x64
		{E4F0BA68-361E-3D36-802B-F2A6BE97BF4F}.MinSizeRel|x64.ActiveCfg = MinSizeRel|x64
		{E4F0BA68-361E-3D36-802B-F2A6BE97BF4F}.MinSizeRel|x64.Build.0 = MinSizeRel|x64
		{E4F0BA68-361E-3D36-802B-F2A6BE97BF4F}.RelWithDebInfo|x64.ActiveCfg = RelWithDebInfo|x64
		{E4F0BA68-361E-3D36-802B-F2A6BE97BF4F}.RelWithDebInfo|x64.Build.0 = RelWithDebInfo|x64
		{D20BD481-7CA9-3C65-8A01-4EA283B335A5}.Debug|x64.ActiveCfg = Debug|x64
		{D20BD481-7CA9-3C65-8A01-4EA283B335A5}.Debug|x64.Build.0 = Debug|x64
		{D20BD481-7CA9-3C65-8A01-4EA283B335A5}.Release|x64.ActiveCfg = Release|x64
		{D20BD481-7CA9-3C65-8A01-4EA283B335A5}.Release|x64.Build.0 = Release|x64
		{D20BD481-7CA9-3C65-8A01-4EA283B335A5}.MinSizeRel|x64.ActiveCfg = MinSizeRel|x64
		{D20BD481-7CA9-3C65-8A01-4EA283B335A5}.MinSizeRel|x64.Build.0 = MinSizeRel|x64
		{D20BD481-7CA9-3C65-8A01-4EA283B335A5}.RelWithDebInfo|x64.ActiveCfg = RelWithDebInfo|x64
		{D20BD481-7CA9-3C65-8A01-4EA283B335A5}.RelWithDebInfo|x64.Build.0 = RelWithDebInfo|x64
		{C1DFB251-DA02-37CC-89BC-50FD40650B5B}.Debug|x64.ActiveCfg = Debug|x64
		{C1DFB251-DA02-37CC-89BC-50FD40650B5B}.Debug|x64.Build.0 = Debug|x64
		{C1DFB251-DA02-37CC-89BC-50FD40650B5B}.Release|x64.ActiveCfg = Release|x64
		{C1DFB251-DA02-37CC-89BC-50FD40650B5B}.Release|x64.Build.0 = Release|x64
		{C1DFB251-DA02-37CC-89BC-50FD40650B5B}.MinSizeRel|x64.ActiveCfg = MinSizeRel|x64
		{C1DFB251-DA02-37CC-89BC-50FD40650B5B}.MinSizeRel|x64.Build.0 = MinSizeRel|x64
		{C1DFB251-DA02-37CC-89BC-50FD40650B5B}.RelWithDebInfo|x64.ActiveCfg = RelWithDebInfo|x64
		{C1DFB251-DA02-37CC-89BC-50FD40650B5B}.RelWithDebInfo|x64.Build.0 = RelWithDebInfo|x64
		{F9AB4E4E-0514-3323-827F-138E99A3FF39}.Debug|x64.ActiveCfg = Debug|x64
		{F9AB4E4E-0514-3323-827F-138E99A3FF39}.Debug|x64.Build.0 = Debug|x64
		{F9AB4E4E-0514-3323-827F-138E99A3FF39}.Release|x64.ActiveCfg = Release|x64
		{F9AB4E4E-0514-3323-827F-138E99A3FF39}.Release|x64.Build.0 = Release|x64
		{F9AB4E4E-0514-3323-827F-138E99A3FF39}.MinSizeRel|x64.ActiveCfg = MinSizeRel|x64
		{F9AB4E4E-0514-3323-827F-138E99A3FF39}.MinSizeRel|x64.Build.0 = MinSizeRel|x64
		{F9AB4E4E-0514-3323-827F-138E99A3FF39}.RelWithDebInfo|x64.ActiveCfg = RelWithDebInfo|x64
		{F9AB4E4E-0514-3323-827F-138E99A3FF39}.RelWithDebInfo|x64.Build.0 = RelWithDebInfo|x64
		{51FB8C6F-5497-3CDE-A43A-6A75B816D515}.Debug|x64.ActiveCfg = Debug|x64
		{51FB8C6F-5497-3CDE-A43A-6A75B816D515}.Debug|x64.Build.0 = Debug|x64
		{51FB8C6F-5497-3CDE-A43A-6A75B816D515}.Release|x64.ActiveCfg = Release|x64
		{51FB8C6F-5497-3CDE-A43A-6A75B816D515}.Release|x64.Build.0 = Release|x64
		{51FB8C6F-5497-3CDE-A43A-6A75B816D515}.MinSizeRel|x64.ActiveCfg = MinSizeRel|x64
		{51FB8C6F-5497-3CDE-A43A-6A75B816D515}.MinSizeRel|x64.Build.0 = MinSizeRel|x64
		{51FB8C6F-5497-3CDE-A43A-6A75B816D515}.RelWithDebInfo|x64.ActiveCfg = RelWithDebInfo|x64
		{51FB8C6F-5497-3CDE-A43A-6A75B816D515}.RelWithDebInfo|x64.Build.0 = RelWithDebInfo|x64
		{FFBD7D54-5131-344A-9028-2CAB961F7796}.Debug|x64.ActiveCfg = Debug|x64
		{FFBD7D54-5131-344A-9028-2CAB961F7796}.Debug|x64.Build.0 = Debug|x64
		{FFBD7D54-5131-344A-9028-2CAB961F7796}.Release|x64.ActiveCfg = Release|x64
		{FFBD7D54-5131-344A-9028-2CAB961F7796}.Release|x64.Build.0 = Release|x64
		{FFBD7D54-5131-344A-9028-2CAB961F7796}.MinSizeRel|x64.ActiveCfg = MinSizeRel|x64
		{FFBD7D54-5131-344A-9028-2CAB961F7796}.MinSizeRel|x64.Build.0 = MinSizeRel|x64
		{FFBD7D54-5131-344A-9028-2CAB961F7796}.RelWithDebInfo|x64.ActiveCfg = RelWithDebInfo|x64
		{FFBD7D54-5131-344A-9028-2CAB961F7796}.RelWithDebInfo|x64.Build.0 = RelWithDebInfo|x64
		{66DB1D50-BA01-3E07-9CA3-F93F30C6AFF4}.Debug|x64.ActiveCfg = Debug|x64
		{66DB1D50-BA01-3E07-9CA3-F93F30C6AFF4}.Debug|x64.Build.0 = Debug|x64
		{66DB1D50-BA01-3E07-9CA3-F93F30C6AFF4}.Release|x64.ActiveCfg = Release|x64
		{66DB1D50-BA01-3E07-9CA3-F93F30C6AFF4}.Release|x64.Build.0 = Release|x64
		{66DB1D50-BA01-3E07-9CA3-F93F30C6AFF4}.MinSizeRel|x64.ActiveCfg = MinSizeRel|x64
		{66DB1D50-BA01-3E07-9CA3-F93F30C6AFF4}.MinSizeRel|x64.Build.0 = MinSizeRel|x64
		{66DB1D50-BA01-3E07-9CA3-F93F30C6AFF4}.RelWithDebInfo|x64.ActiveCfg = RelWithDebInfo|x64
		{66DB1D50-BA01-3E07-9CA3-F93F30C6AFF4}.RelWithDebInfo|x64.Build.0 = RelWithDebInfo|x64
		{1AC3189A-8E2B-3BD6-9364-59CDE695BE3D}.Debug|x64.ActiveCfg = Debug|x64
		{1AC3189A-8E2B-3BD6-9364-59CDE695BE3D}.Debug|x64.Build.0 = Debug|x64
		{1AC3189A-8E2B-3BD6-9364-59CDE695BE3D}.Release|x64.ActiveCfg = Release|x64
		{1AC3189A-8E2B-3BD6-9364-59CDE695BE3D}.Release|x64.Build.0 = Release|x64
		{1AC3189A-8E2B-3BD6-9364-59CDE695BE3D}.MinSizeRel|x64.ActiveCfg = MinSizeRel|x64
		{1AC3189A-8E2B-3BD6-9364-59CDE695BE3D}.MinSizeRel|x64.Build.0 = MinSizeRel|x64
		{1AC3189A-8E2B-3BD6-9364-59CDE695BE3D}.RelWithDebInfo|x64.ActiveCfg = RelWithDebInfo|x64
		{1AC3189A-8E2B-3BD6-9364-59CDE695BE3D}.RelWithDebInfo|x64.Build.0 = RelWithDebInfo|x64
		{8A418B8D-E8A5-320E-A609-E158CFFAFAC8}.Debug|x64.ActiveCfg = Debug|x64
		{8A418B8D-E8A5-320E-A609-E158CFFAFAC8}.Debug|x64.Build.0 = Debug|x64
		{8A418B8D-E8A5-320E-A609-E158CFFAFAC8}.Release|x64.ActiveCfg = Release|x64
		{8A418B8D-E8A5-320E-A609-E158CFFAFAC8}.Release|x64.Build.0 = Release|x64
		{8A418B8D-E8A5-320E-A609-E158CFFAFAC8}.MinSizeRel|x64.ActiveCfg = MinSizeRel|x64
		{8A418B8D-E8A5-320E-A609-E158CFFAFAC8}.MinSizeRel|x64.Build.0 = MinSizeRel|x64
		{8A418B8D-E8A5-320E-A609-E158CFFAFAC8}.RelWithDebInfo|x64.ActiveCfg = RelWithDebInfo|x64
		{8A418B8D-E8A5-320E-A609-E158CFFAFAC8}.RelWithDebInfo|x64.Build.0 = RelWithDebInfo|x64
		{FE690552-BDD2-3469-BCE5-4D5206AFAC77}.Debug|x64.ActiveCfg = Debug|x64
		{FE690552-BDD2-3469-BCE5-4D5206AFAC77}.Debug|x64.Build.0 = Debug|x64
		{FE690552-BDD2-3469-BCE5-4D5206AFAC77}.Release|x64.ActiveCfg = Release|x64
		{FE690552-BDD2-3469-BCE5-4D5206AFAC77}.Release|x64.Build.0 = Release|x64
		{FE690552-BDD2-3469-BCE5-4D5206AFAC77}.MinSizeRel|x64.ActiveCfg = MinSizeRel|x64
		{FE690552-BDD2-3469-BCE5-4D5206AFAC77}.MinSizeRel|x64.Build.0 = MinSizeRel|x64
		{FE690552-BDD2-3469-BCE5-4D5206AFAC77}.RelWithDebInfo|x64.ActiveCfg = RelWithDebInfo|x64
		{FE690552-BDD2-3469-BCE5-4D5206AFAC77}.RelWithDebInfo|x64.Build.0 = RelWithDebInfo|x64
		{C7CC55C3-E51F-32BE-B7E1-D354605D39BB}.Debug|x64.ActiveCfg = Debug|x64
		{C7CC55C3-E51F-32BE-B7E1-D354605D39BB}.Debug|x64.Build.0 = Debug|x64
		{C7CC55C3-E51F-32BE-B7E1-D354605D39BB}.Release|x64.ActiveCfg = Release|x64
		{C7CC55C3-E51F-32BE-B7E1-D354605D39BB}.Release|x64.Build.0 = Release|x64
		{C7CC55C3-E51F-32BE-B7E1-D354605D39BB}.MinSizeRel|x64.ActiveCfg = MinSizeRel|x64
		{C7CC55C3-E51F-32BE-B7E1-D354605D39BB}.MinSizeRel|x64.Build.0 = MinSizeRel|x64
		{C7CC55C3-E51F-32BE-B7E1-D354605D39BB}.RelWithDebInfo|x64.ActiveCfg = RelWithDebInfo|x64
		{C7CC55C3-E51F-32BE-B7E1-D354605D39BB}.RelWithDebInfo|x64.Build.0 = RelWithDebInfo|x64
		{9CAFE9A3-142A-3F08-8553-2F0B76D5A917}.Debug|x64.ActiveCfg = Debug|x64
		{9CAFE9A3-142A-3F08-8553-2F0B76D5A917}.Debug|x64.Build.0 = Debug|x64
		{9CAFE9A3-142A-3F08-8553-2F0B76D5A917}.Release|x64.ActiveCfg = Release|x64
		{9CAFE9A3-142A-3F08-8553-2F0B76D5A917}.Release|x64.Build.0 = Release|x64
		{9CAFE9A3-142A-3F08-8553-2F0B76D5A917}.MinSizeRel|x64.ActiveCfg = MinSizeRel|x64
		{9CAFE9A3-142A-3F08-8553-2F0B76D5A917}.MinSizeRel|x64.Build.0 = MinSizeRel|x64
		{9CAFE9A3-142A-3F08-8553-2F0B76D5A917}.RelWithDebInfo|x64.ActiveCfg = RelWithDebInfo|x64
		{9CAFE9A3-142A-3F08-8553-2F0B76D5A917}.RelWithDebInfo|x64.Build.0 = RelWithDebInfo|x64
		{8F34D606-B564-3228-B23C-65DB94912E74}.Debug|x64.ActiveCfg = Debug|x64
		{8F34D606-B564-3228-B23C-65DB94912E74}.Debug|x64.Build.0 = Debug|x64
		{8F34D606-B564-3228-B23C-65DB94912E74}.Release|x64.ActiveCfg = Release|x64
		{8F34D606-B564-3228-B23C-65DB94912E74}.Release|x64.Build.0 = Release|x64
		{8F34D606-B564-3228-B23C-65DB94912E74}.MinSizeRel|x64.ActiveCfg = MinSizeRel|x64
		{8F34D606-B564-3228-B23C-65DB94912E74}.MinSizeRel|x64.Build.0 = MinSizeRel|x64
		{8F34D606-B564-3228-B23C-65DB94912E74}.RelWithDebInfo|x64.ActiveCfg = RelWithDebInfo|x64
		{8F34D606-B564-3228-B23C-65DB94912E74}.RelWithDebInfo|x64.Build.0 = RelWithDebInfo|x64
		{A033A113-3016-3F5A-A21E-7DE25182E86B}.Debug|x64.ActiveCfg = Debug|x64
		{A033A113-3016-3F5A-A21E-7DE25182E86B}.Debug|x64.Build.0 = Debug|x64
		{A033A113-3016-3F5A-A21E-7DE25182E86B}.Release|x64.ActiveCfg = Release|x64
		{A033A113-3016-3F5A-A21E-7DE25182E86B}.Release|x64.Build.0 = Release|x64
		{A033A113-3016-3F5A-A21E-7DE25182E86B}.MinSizeRel|x64.ActiveCfg = MinSizeRel|x64
		{A033A113-3016-3F5A-A21E-7DE25182E86B}.MinSizeRel|x64.Build.0 = MinSizeRel|x64
		{A033A113-3016-3F5A-A21E-7DE25182E86B}.RelWithDebInfo|x64.ActiveCfg = RelWithDebInfo|x64
		{A033A113-3016-3F5A-A21E-7DE25182E86B}.RelWithDebInfo|x64.Build.0 = RelWithDebInfo|x64
		{1DA3CA95-5B07-3BF9-8670-58CED06D932B}.Debug|x64.ActiveCfg = Debug|x64
		{1DA3CA95-5B07-3BF9-8670-58CED06D932B}.Debug|x64.Build.0 = Debug|x64
		{1DA3CA95-5B07-3BF9-8670-58CED06D932B}.Release|x64.ActiveCfg = Release|x64
		{1DA3CA95-5B07-3BF9-8670-58CED06D932B}.Release|x64.Build.0 = Release|x64
		{1DA3CA95-5B07-3BF9-8670-58CED06D932B}.MinSizeRel|x64.ActiveCfg = MinSizeRel|x64
		{1DA3CA95-5B07-3BF9-8670-58CED06D932B}.MinSizeRel|x64.Build.0 = MinSizeRel|x64
		{1DA3CA95-5B07-3BF9-8670-58CED06D932B}.RelWithDebInfo|x64.ActiveCfg = RelWithDebInfo|x64
		{1DA3CA95-5B07-3BF9-8670-58CED06D932B}.RelWithDebInfo|x64.Build.0 = RelWithDebInfo|x64
		{6EB2B813-A49B-3C06-8B09-552A5BFEFC77}.Debug|x64.ActiveCfg = Debug|x64
		{6EB2B813-A49B-3C06-8B09-552A5BFEFC77}.Debug|x64.Build.0 = Debug|x64
		{6EB2B813-A49B-3C06-8B09-552A5BFEFC77}.Release|x64.ActiveCfg = Release|x64
		{6EB2B813-A49B-3C06-8B09-552A5BFEFC77}.Release|x64.Build.0 = Release|x64
		{6EB2B813-A49B-3C06-8B09-552A5BFEFC77}.MinSizeRel|x64.ActiveCfg = MinSizeRel|x64
		{6EB2B813-A49B-3C06-8B09-552A5BFEFC77}.MinSizeRel|x64.Build.0 = MinSizeRel|x64
		{6EB2B813-A49B-3C06-8B09-552A5BFEFC77}.RelWithDebInfo|x64.ActiveCfg = RelWithDebInfo|x64
		{6EB2B813-A49B-3C06-8B09-552A5BFEFC77}.RelWithDebInfo|x64.Build.0 = RelWithDebInfo|x64
		{0A8ABAFD-8EC0-3F30-8543-AD9CE11A332C}.Debug|x64.ActiveCfg = Debug|x64
		{0A8ABAFD-8EC0-3F30-8543-AD9CE11A332C}.Debug|x64.Build.0 = Debug|x64
		{0A8ABAFD-8EC0-3F30-8543-AD9CE11A332C}.Release|x64.ActiveCfg = Release|x64
		{0A8ABAFD-8EC0-3F30-8543-AD9CE11A332C}.Release|x64.Build.0 = Release|x64
		{0A8ABAFD-8EC0-3F30-8543-AD9CE11A332C}.MinSizeRel|x64.ActiveCfg = MinSizeRel|x64
		{0A8ABAFD-8EC0-3F30-8543-AD9CE11A332C}.MinSizeRel|x64.Build.0 = MinSizeRel|x64
		{0A8ABAFD-8EC0-3F30-8543-AD9CE11A332C}.RelWithDebInfo|x64.ActiveCfg = RelWithDebInfo|x64
		{0A8ABAFD-8EC0-3F30-8543-AD9CE11A332C}.RelWithDebInfo|x64.Build.0 = RelWithDebInfo|x64
		{9D803DF1-44EB-3DC1-977D-6F9192D35E20}.Debug|x64.ActiveCfg = Debug|x64
		{9D803DF1-44EB-3DC1-977D-6F9192D35E20}.Debug|x64.Build.0 = Debug|x64
		{9D803DF1-44EB-3DC1-977D-6F9192D35E20}.Release|x64.ActiveCfg = Release|x64
		{9D803DF1-44EB-3DC1-977D-6F9192D35E20}.Release|x64.Build.0 = Release|x64
		{9D803DF1-44EB-3DC1-977D-6F9192D35E20}.MinSizeRel|x64.ActiveCfg = MinSizeRel|x64
		{9D803DF1-44EB-3DC1-977D-6F9192D35E20}.MinSizeRel|x64.Build.0 = MinSizeRel|x64
		{9D803DF1-44EB-3DC1-977D-6F9192D35E20}.RelWithDebInfo|x64.ActiveCfg = RelWithDebInfo|x64
		{9D803DF1-44EB-3DC1-977D-6F9192D35E20}.RelWithDebInfo|x64.Build.0 = RelWithDebInfo|x64
		{E6E4EBA5-EB35-3599-8F5C-136B9E918FA1}.Debug|x64.ActiveCfg = Debug|x64
		{E6E4EBA5-EB35-3599-8F5C-136B9E918FA1}.Debug|x64.Build.0 = Debug|x64
		{E6E4EBA5-EB35-3599-8F5C-136B9E918FA1}.Release|x64.ActiveCfg = Release|x64
		{E6E4EBA5-EB35-3599-8F5C-136B9E918FA1}.Release|x64.Build.0 = Release|x64
		{E6E4EBA5-EB35-3599-8F5C-136B9E918FA1}.MinSizeRel|x64.ActiveCfg = MinSizeRel|x64
		{E6E4EBA5-EB35-3599-8F5C-136B9E918FA1}.MinSizeRel|x64.Build.0 = MinSizeRel|x64
		{E6E4EBA5-EB35-3599-8F5C-136B9E918FA1}.RelWithDebInfo|x64.ActiveCfg = RelWithDebInfo|x64
		{E6E4EBA5-EB35-3599-8F5C-136B9E918FA1}.RelWithDebInfo|x64.Build.0 = RelWithDebInfo|x64
		{71FEC631-7A97-3F3D-9B65-AC9403D84AF2}.Debug|x64.ActiveCfg = Debug|x64
		{71FEC631-7A97-3F3D-9B65-AC9403D84AF2}.Debug|x64.Build.0 = Debug|x64
		{71FEC631-7A97-3F3D-9B65-AC9403D84AF2}.Release|x64.ActiveCfg = Release|x64
		{71FEC631-7A97-3F3D-9B65-AC9403D84AF2}.Release|x64.Build.0 = Release|x64
		{71FEC631-7A97-3F3D-9B65-AC9403D84AF2}.MinSizeRel|x64.ActiveCfg = MinSizeRel|x64
		{71FEC631-7A97-3F3D-9B65-AC9403D84AF2}.MinSizeRel|x64.Build.0 = MinSizeRel|x64
		{71FEC631-7A97-3F3D-9B65-AC9403D84AF2}.RelWithDebInfo|x64.ActiveCfg = RelWithDebInfo|x64
		{71FEC631-7A97-3F3D-9B65-AC9403D84AF2}.RelWithDebInfo|x64.Build.0 = RelWithDebInfo|x64
	EndGlobalSection
	GlobalSection(ExtensibilityGlobals) = postSolution
		SolutionGuid = {E997148D-C269-339B-A61F-8130420F448C}
	EndGlobalSection
	GlobalSection(ExtensibilityAddIns) = postSolution
	EndGlobalSection
EndGlobal
