<?xml version="1.0" encoding="utf-8"?>
<Project ToolsVersion="16.0" xmlns="http://schemas.microsoft.com/developer/msbuild/2003">
  <ItemGroup>
    <CustomBuild Include="C:\Users\vm1\Downloads\fractal-protocol\desktop\include\json-c\CMakeFiles\728dbcd20209ee84f1364ec2a1fca2c9\NightlyMemoryCheck.rule">
      <Filter>CMake Rules</Filter>
    </CustomBuild>
    <CustomBuild Include="C:\Users\vm1\Downloads\fractal-protocol\desktop\include\json-c\CMakeLists.txt" />
  </ItemGroup>
  <ItemGroup>
    <None Include="C:\Users\vm1\Downloads\fractal-protocol\desktop\include\json-c\CMakeFiles\NightlyMemoryCheck" />
  </ItemGroup>
  <ItemGroup>
    <Filter Include="CMake Rules">
      <UniqueIdentifier>{F3AF3102-654E-3611-B2B2-43D57CF21A3A}</UniqueIdentifier>
    </Filter>
  </ItemGroup>
</Project>
